// !$*UTF8*$!
{
	archiveVersion = 1;
	classes = {
	};
	objectVersion = 50;
	objects = {

/* Begin PBXBuildFile section */
		0D782307227EC29200EAE20F /* AppDelegate.swift in Sources */ = {isa = PBXBuildFile; fileRef = 0D782306227EC29200EAE20F /* AppDelegate.swift */; };
		0D782309227EC29200EAE20F /* ViewController.swift in Sources */ = {isa = PBXBuildFile; fileRef = 0D782308227EC29200EAE20F /* ViewController.swift */; };
		0D78230C227EC29200EAE20F /* Main.storyboard in Resources */ = {isa = PBXBuildFile; fileRef = 0D78230A227EC29200EAE20F /* Main.storyboard */; };
		0D78230E227EC29400EAE20F /* Assets.xcassets in Resources */ = {isa = PBXBuildFile; fileRef = 0D78230D227EC29400EAE20F /* Assets.xcassets */; };
		0D782311227EC29400EAE20F /* LaunchScreen.storyboard in Resources */ = {isa = PBXBuildFile; fileRef = 0D78230F227EC29400EAE20F /* LaunchScreen.storyboard */; };
		0D78231C227EC29500EAE20F /* studioTests.swift in Sources */ = {isa = PBXBuildFile; fileRef = 0D78231B227EC29500EAE20F /* studioTests.swift */; };
		0D782334227EC4F300EAE20F /* Data.framework in Frameworks */ = {isa = PBXBuildFile; fileRef = 0D78232B227EC4F200EAE20F /* Data.framework */; };
		0D78233B227EC4F300EAE20F /* DataTests.swift in Sources */ = {isa = PBXBuildFile; fileRef = 0D78233A227EC4F300EAE20F /* DataTests.swift */; };
		0D78233D227EC4F300EAE20F /* Data.h in Headers */ = {isa = PBXBuildFile; fileRef = 0D78232D227EC4F200EAE20F /* Data.h */; settings = {ATTRIBUTES = (Public, ); }; };
		0D782340227EC4F300EAE20F /* Data.framework in Frameworks */ = {isa = PBXBuildFile; fileRef = 0D78232B227EC4F200EAE20F /* Data.framework */; };
		0D782341227EC4F300EAE20F /* Data.framework in Embed Frameworks */ = {isa = PBXBuildFile; fileRef = 0D78232B227EC4F200EAE20F /* Data.framework */; settings = {ATTRIBUTES = (CodeSignOnCopy, RemoveHeadersOnCopy, ); }; };
		0D782357227EC52B00EAE20F /* Model.framework in Frameworks */ = {isa = PBXBuildFile; fileRef = 0D78234E227EC52B00EAE20F /* Model.framework */; };
		0D78235E227EC52B00EAE20F /* ModelTests.swift in Sources */ = {isa = PBXBuildFile; fileRef = 0D78235D227EC52B00EAE20F /* ModelTests.swift */; };
		0D782360227EC52B00EAE20F /* Model.h in Headers */ = {isa = PBXBuildFile; fileRef = 0D782350227EC52B00EAE20F /* Model.h */; settings = {ATTRIBUTES = (Public, ); }; };
		0D782363227EC52B00EAE20F /* Model.framework in Frameworks */ = {isa = PBXBuildFile; fileRef = 0D78234E227EC52B00EAE20F /* Model.framework */; };
		0D782364227EC52B00EAE20F /* Model.framework in Embed Frameworks */ = {isa = PBXBuildFile; fileRef = 0D78234E227EC52B00EAE20F /* Model.framework */; settings = {ATTRIBUTES = (CodeSignOnCopy, RemoveHeadersOnCopy, ); }; };
		0D78236C227EC53900EAE20F /* Model.framework in Frameworks */ = {isa = PBXBuildFile; fileRef = 0D78234E227EC52B00EAE20F /* Model.framework */; };
		0D78237B227EC54300EAE20F /* Shared.framework in Frameworks */ = {isa = PBXBuildFile; fileRef = 0D782372227EC54300EAE20F /* Shared.framework */; };
		0D782382227EC54300EAE20F /* SharedTests.swift in Sources */ = {isa = PBXBuildFile; fileRef = 0D782381227EC54300EAE20F /* SharedTests.swift */; };
		0D782384227EC54300EAE20F /* Shared.h in Headers */ = {isa = PBXBuildFile; fileRef = 0D782374227EC54300EAE20F /* Shared.h */; settings = {ATTRIBUTES = (Public, ); }; };
		0D782387227EC54300EAE20F /* Shared.framework in Frameworks */ = {isa = PBXBuildFile; fileRef = 0D782372227EC54300EAE20F /* Shared.framework */; };
		0D782388227EC54300EAE20F /* Shared.framework in Embed Frameworks */ = {isa = PBXBuildFile; fileRef = 0D782372227EC54300EAE20F /* Shared.framework */; settings = {ATTRIBUTES = (CodeSignOnCopy, RemoveHeadersOnCopy, ); }; };
		0D782392227EC8AE00EAE20F /* StudioApi.swift in Sources */ = {isa = PBXBuildFile; fileRef = 0D782391227EC8AE00EAE20F /* StudioApi.swift */; };
		0D782394227EC94900EAE20F /* StudioApiService.swift in Sources */ = {isa = PBXBuildFile; fileRef = 0D782393227EC94900EAE20F /* StudioApiService.swift */; };
		0D782396227EC99300EAE20F /* StudioApiEndpoint.swift in Sources */ = {isa = PBXBuildFile; fileRef = 0D782395227EC99300EAE20F /* StudioApiEndpoint.swift */; };
		0D782399227EC9E700EAE20F /* ReservationService.swift in Sources */ = {isa = PBXBuildFile; fileRef = 0D782398227EC9E700EAE20F /* ReservationService.swift */; };
		0D78239B227ECA6A00EAE20F /* StudioReservation.swift in Sources */ = {isa = PBXBuildFile; fileRef = 0D78239A227ECA6A00EAE20F /* StudioReservation.swift */; };
		0D7823A4227ECBB600EAE20F /* RxAtomic.framework in Frameworks */ = {isa = PBXBuildFile; fileRef = 0D78239C227ECBB600EAE20F /* RxAtomic.framework */; };
		0D7823A5227ECBB600EAE20F /* SwiftExtensions.framework in Frameworks */ = {isa = PBXBuildFile; fileRef = 0D78239D227ECBB600EAE20F /* SwiftExtensions.framework */; };
		0D7823A6227ECBB600EAE20F /* Moya.framework in Frameworks */ = {isa = PBXBuildFile; fileRef = 0D78239E227ECBB600EAE20F /* Moya.framework */; };
		0D7823A7227ECBB600EAE20F /* RxSwift.framework in Frameworks */ = {isa = PBXBuildFile; fileRef = 0D78239F227ECBB600EAE20F /* RxSwift.framework */; };
		0D7823A9227ECBB600EAE20F /* RxMoya.framework in Frameworks */ = {isa = PBXBuildFile; fileRef = 0D7823A1227ECBB600EAE20F /* RxMoya.framework */; };
		0D7823AA227ECBB600EAE20F /* RxCocoa.framework in Frameworks */ = {isa = PBXBuildFile; fileRef = 0D7823A2227ECBB600EAE20F /* RxCocoa.framework */; };
		0D7823AB227ECBB600EAE20F /* Result.framework in Frameworks */ = {isa = PBXBuildFile; fileRef = 0D7823A3227ECBB600EAE20F /* Result.framework */; };
		0D7823AC227ECBC400EAE20F /* Moya.framework in Frameworks */ = {isa = PBXBuildFile; fileRef = 0D78239E227ECBB600EAE20F /* Moya.framework */; };
		0D7823AD227ECBC400EAE20F /* Result.framework in Frameworks */ = {isa = PBXBuildFile; fileRef = 0D7823A3227ECBB600EAE20F /* Result.framework */; };
		0D7823AE227ECBC400EAE20F /* RxAtomic.framework in Frameworks */ = {isa = PBXBuildFile; fileRef = 0D78239C227ECBB600EAE20F /* RxAtomic.framework */; };
		0D7823B0227ECBC400EAE20F /* RxCocoa.framework in Frameworks */ = {isa = PBXBuildFile; fileRef = 0D7823A2227ECBB600EAE20F /* RxCocoa.framework */; };
		0D7823B1227ECBC400EAE20F /* RxMoya.framework in Frameworks */ = {isa = PBXBuildFile; fileRef = 0D7823A1227ECBB600EAE20F /* RxMoya.framework */; };
		0D7823B2227ECBC400EAE20F /* RxSwift.framework in Frameworks */ = {isa = PBXBuildFile; fileRef = 0D78239F227ECBB600EAE20F /* RxSwift.framework */; };
		0D7823B5227EDF9A00EAE20F /* LoginService.swift in Sources */ = {isa = PBXBuildFile; fileRef = 0D7823B4227EDF9A00EAE20F /* LoginService.swift */; };
		0D8DAC762286CEE50032BD17 /* RxDataSources.framework in Frameworks */ = {isa = PBXBuildFile; fileRef = 0D8DAC732286CEE50032BD17 /* RxDataSources.framework */; };
		0D8DAC772286CEE50032BD17 /* RxRelay.framework in Frameworks */ = {isa = PBXBuildFile; fileRef = 0D8DAC742286CEE50032BD17 /* RxRelay.framework */; };
		0D8DAC782286CEE50032BD17 /* Differentiator.framework in Frameworks */ = {isa = PBXBuildFile; fileRef = 0D8DAC752286CEE50032BD17 /* Differentiator.framework */; };
		0D8DAC872286D26C0032BD17 /* ViewComponent.framework in Frameworks */ = {isa = PBXBuildFile; fileRef = 0D8DAC7E2286D26B0032BD17 /* ViewComponent.framework */; };
		0D8DAC8E2286D26C0032BD17 /* ViewComponentTests.swift in Sources */ = {isa = PBXBuildFile; fileRef = 0D8DAC8D2286D26C0032BD17 /* ViewComponentTests.swift */; };
		0D8DAC902286D26C0032BD17 /* ViewComponent.h in Headers */ = {isa = PBXBuildFile; fileRef = 0D8DAC802286D26B0032BD17 /* ViewComponent.h */; settings = {ATTRIBUTES = (Public, ); }; };
		0D8DAC932286D26C0032BD17 /* ViewComponent.framework in Frameworks */ = {isa = PBXBuildFile; fileRef = 0D8DAC7E2286D26B0032BD17 /* ViewComponent.framework */; };
		0D8DAC942286D26C0032BD17 /* ViewComponent.framework in Embed Frameworks */ = {isa = PBXBuildFile; fileRef = 0D8DAC7E2286D26B0032BD17 /* ViewComponent.framework */; settings = {ATTRIBUTES = (CodeSignOnCopy, RemoveHeadersOnCopy, ); }; };
		0D8DACA92286D2AC0032BD17 /* Extension.framework in Frameworks */ = {isa = PBXBuildFile; fileRef = 0D8DACA02286D2AC0032BD17 /* Extension.framework */; };
		0D8DACB02286D2AC0032BD17 /* ExtensionTests.swift in Sources */ = {isa = PBXBuildFile; fileRef = 0D8DACAF2286D2AC0032BD17 /* ExtensionTests.swift */; };
		0D8DACB22286D2AC0032BD17 /* Extension.h in Headers */ = {isa = PBXBuildFile; fileRef = 0D8DACA22286D2AC0032BD17 /* Extension.h */; settings = {ATTRIBUTES = (Public, ); }; };
		0D8DACB52286D2AC0032BD17 /* Extension.framework in Frameworks */ = {isa = PBXBuildFile; fileRef = 0D8DACA02286D2AC0032BD17 /* Extension.framework */; };
		0D8DACB62286D2AC0032BD17 /* Extension.framework in Embed Frameworks */ = {isa = PBXBuildFile; fileRef = 0D8DACA02286D2AC0032BD17 /* Extension.framework */; settings = {ATTRIBUTES = (CodeSignOnCopy, RemoveHeadersOnCopy, ); }; };
		0D8DACC12286D3BB0032BD17 /* Model.framework in Frameworks */ = {isa = PBXBuildFile; fileRef = 0D78234E227EC52B00EAE20F /* Model.framework */; };
		0D8DACC32286D4D20032BD17 /* StudioSchedule.swift in Sources */ = {isa = PBXBuildFile; fileRef = 0D8DACC22286D4D20032BD17 /* StudioSchedule.swift */; };
		0D8DACC52286D89B0032BD17 /* StudioTimeTableDataSource.swift in Sources */ = {isa = PBXBuildFile; fileRef = 0D8DACC42286D89B0032BD17 /* StudioTimeTableDataSource.swift */; };
		0D8DACC62286D8C30032BD17 /* Differentiator.framework in Frameworks */ = {isa = PBXBuildFile; fileRef = 0D8DAC752286CEE50032BD17 /* Differentiator.framework */; };
		0D8DACC72286D8C30032BD17 /* RxDataSources.framework in Frameworks */ = {isa = PBXBuildFile; fileRef = 0D8DAC732286CEE50032BD17 /* RxDataSources.framework */; };
		0D8DACC82286D8CE0032BD17 /* RxSwift.framework in Frameworks */ = {isa = PBXBuildFile; fileRef = 0D78239F227ECBB600EAE20F /* RxSwift.framework */; };
		0D8DACC92286D8DA0032BD17 /* RxCocoa.framework in Frameworks */ = {isa = PBXBuildFile; fileRef = 0D7823A2227ECBB600EAE20F /* RxCocoa.framework */; };
		0D8DACCC2286DCAA0032BD17 /* StudioTimeTableViewController.swift in Sources */ = {isa = PBXBuildFile; fileRef = 0D8DACCB2286DCAA0032BD17 /* StudioTimeTableViewController.swift */; };
		0D8DACCE2286F7C10032BD17 /* RoutableViewController+Configurator.swift in Sources */ = {isa = PBXBuildFile; fileRef = 0D8DACCD2286F7C10032BD17 /* RoutableViewController+Configurator.swift */; };
		0D8DACD02286F7F70032BD17 /* ViewModelInjectable.swift in Sources */ = {isa = PBXBuildFile; fileRef = 0D8DACCF2286F7F70032BD17 /* ViewModelInjectable.swift */; };
		0D8DACD22286FA160032BD17 /* StudioTimeTableConfigurator.swift in Sources */ = {isa = PBXBuildFile; fileRef = 0D8DACD12286FA160032BD17 /* StudioTimeTableConfigurator.swift */; };
		0D8DACD52286FAED0032BD17 /* StudioTimeTableViewModel.swift in Sources */ = {isa = PBXBuildFile; fileRef = 0D8DACD42286FAED0032BD17 /* StudioTimeTableViewModel.swift */; };
		0D8DACDA2286FBE70032BD17 /* Inputable.swift in Sources */ = {isa = PBXBuildFile; fileRef = 0D8DACD92286FBE70032BD17 /* Inputable.swift */; };
		0D8DACDC2286FC210032BD17 /* Outputable.swift in Sources */ = {isa = PBXBuildFile; fileRef = 0D8DACDB2286FC210032BD17 /* Outputable.swift */; };
		0DE861F72280149100046DDB /* StudioReservationManager.swift in Sources */ = {isa = PBXBuildFile; fileRef = 0DE861F62280149100046DDB /* StudioReservationManager.swift */; };
		0DE861F8228014B800046DDB /* RxSwift.framework in Frameworks */ = {isa = PBXBuildFile; fileRef = 0D78239F227ECBB600EAE20F /* RxSwift.framework */; };
		0DE861F9228014BC00046DDB /* RxCocoa.framework in Frameworks */ = {isa = PBXBuildFile; fileRef = 0D7823A2227ECBB600EAE20F /* RxCocoa.framework */; };
		0DE861FA228014E400046DDB /* Model.framework in Frameworks */ = {isa = PBXBuildFile; fileRef = 0D78234E227EC52B00EAE20F /* Model.framework */; };
		0DE861FB228014E700046DDB /* Data.framework in Frameworks */ = {isa = PBXBuildFile; fileRef = 0D78232B227EC4F200EAE20F /* Data.framework */; };
/* End PBXBuildFile section */

/* Begin PBXContainerItemProxy section */
		0D782318227EC29500EAE20F /* PBXContainerItemProxy */ = {
			isa = PBXContainerItemProxy;
			containerPortal = 0D7822FB227EC29200EAE20F /* Project object */;
			proxyType = 1;
			remoteGlobalIDString = 0D782302227EC29200EAE20F;
			remoteInfo = studio;
		};
		0D782335227EC4F300EAE20F /* PBXContainerItemProxy */ = {
			isa = PBXContainerItemProxy;
			containerPortal = 0D7822FB227EC29200EAE20F /* Project object */;
			proxyType = 1;
			remoteGlobalIDString = 0D78232A227EC4F200EAE20F;
			remoteInfo = Data;
		};
		0D782337227EC4F300EAE20F /* PBXContainerItemProxy */ = {
			isa = PBXContainerItemProxy;
			containerPortal = 0D7822FB227EC29200EAE20F /* Project object */;
			proxyType = 1;
			remoteGlobalIDString = 0D782302227EC29200EAE20F;
			remoteInfo = studio;
		};
		0D78233E227EC4F300EAE20F /* PBXContainerItemProxy */ = {
			isa = PBXContainerItemProxy;
			containerPortal = 0D7822FB227EC29200EAE20F /* Project object */;
			proxyType = 1;
			remoteGlobalIDString = 0D78232A227EC4F200EAE20F;
			remoteInfo = Data;
		};
		0D782358227EC52B00EAE20F /* PBXContainerItemProxy */ = {
			isa = PBXContainerItemProxy;
			containerPortal = 0D7822FB227EC29200EAE20F /* Project object */;
			proxyType = 1;
			remoteGlobalIDString = 0D78234D227EC52B00EAE20F;
			remoteInfo = Model;
		};
		0D78235A227EC52B00EAE20F /* PBXContainerItemProxy */ = {
			isa = PBXContainerItemProxy;
			containerPortal = 0D7822FB227EC29200EAE20F /* Project object */;
			proxyType = 1;
			remoteGlobalIDString = 0D782302227EC29200EAE20F;
			remoteInfo = studio;
		};
		0D782361227EC52B00EAE20F /* PBXContainerItemProxy */ = {
			isa = PBXContainerItemProxy;
			containerPortal = 0D7822FB227EC29200EAE20F /* Project object */;
			proxyType = 1;
			remoteGlobalIDString = 0D78234D227EC52B00EAE20F;
			remoteInfo = Model;
		};
		0D78237C227EC54300EAE20F /* PBXContainerItemProxy */ = {
			isa = PBXContainerItemProxy;
			containerPortal = 0D7822FB227EC29200EAE20F /* Project object */;
			proxyType = 1;
			remoteGlobalIDString = 0D782371227EC54300EAE20F;
			remoteInfo = Shared;
		};
		0D78237E227EC54300EAE20F /* PBXContainerItemProxy */ = {
			isa = PBXContainerItemProxy;
			containerPortal = 0D7822FB227EC29200EAE20F /* Project object */;
			proxyType = 1;
			remoteGlobalIDString = 0D782302227EC29200EAE20F;
			remoteInfo = studio;
		};
		0D782385227EC54300EAE20F /* PBXContainerItemProxy */ = {
			isa = PBXContainerItemProxy;
			containerPortal = 0D7822FB227EC29200EAE20F /* Project object */;
			proxyType = 1;
			remoteGlobalIDString = 0D782371227EC54300EAE20F;
			remoteInfo = Shared;
		};
		0D8DAC882286D26C0032BD17 /* PBXContainerItemProxy */ = {
			isa = PBXContainerItemProxy;
			containerPortal = 0D7822FB227EC29200EAE20F /* Project object */;
			proxyType = 1;
			remoteGlobalIDString = 0D8DAC7D2286D26B0032BD17;
			remoteInfo = ViewComponent;
		};
		0D8DAC8A2286D26C0032BD17 /* PBXContainerItemProxy */ = {
			isa = PBXContainerItemProxy;
			containerPortal = 0D7822FB227EC29200EAE20F /* Project object */;
			proxyType = 1;
			remoteGlobalIDString = 0D782302227EC29200EAE20F;
			remoteInfo = studio;
		};
		0D8DAC912286D26C0032BD17 /* PBXContainerItemProxy */ = {
			isa = PBXContainerItemProxy;
			containerPortal = 0D7822FB227EC29200EAE20F /* Project object */;
			proxyType = 1;
			remoteGlobalIDString = 0D8DAC7D2286D26B0032BD17;
			remoteInfo = ViewComponent;
		};
		0D8DACAA2286D2AC0032BD17 /* PBXContainerItemProxy */ = {
			isa = PBXContainerItemProxy;
			containerPortal = 0D7822FB227EC29200EAE20F /* Project object */;
			proxyType = 1;
			remoteGlobalIDString = 0D8DAC9F2286D2AC0032BD17;
			remoteInfo = Extension;
		};
		0D8DACAC2286D2AC0032BD17 /* PBXContainerItemProxy */ = {
			isa = PBXContainerItemProxy;
			containerPortal = 0D7822FB227EC29200EAE20F /* Project object */;
			proxyType = 1;
			remoteGlobalIDString = 0D782302227EC29200EAE20F;
			remoteInfo = studio;
		};
		0D8DACB32286D2AC0032BD17 /* PBXContainerItemProxy */ = {
			isa = PBXContainerItemProxy;
			containerPortal = 0D7822FB227EC29200EAE20F /* Project object */;
			proxyType = 1;
			remoteGlobalIDString = 0D8DAC9F2286D2AC0032BD17;
			remoteInfo = Extension;
		};
/* End PBXContainerItemProxy section */

/* Begin PBXCopyFilesBuildPhase section */
		0D782345227EC4F300EAE20F /* Embed Frameworks */ = {
			isa = PBXCopyFilesBuildPhase;
			buildActionMask = 2147483647;
			dstPath = "";
			dstSubfolderSpec = 10;
			files = (
				0D782364227EC52B00EAE20F /* Model.framework in Embed Frameworks */,
				0D8DAC942286D26C0032BD17 /* ViewComponent.framework in Embed Frameworks */,
				0D782388227EC54300EAE20F /* Shared.framework in Embed Frameworks */,
				0D8DACB62286D2AC0032BD17 /* Extension.framework in Embed Frameworks */,
				0D782341227EC4F300EAE20F /* Data.framework in Embed Frameworks */,
			);
			name = "Embed Frameworks";
			runOnlyForDeploymentPostprocessing = 0;
		};
/* End PBXCopyFilesBuildPhase section */

/* Begin PBXFileReference section */
		0D782303227EC29200EAE20F /* studio.app */ = {isa = PBXFileReference; explicitFileType = wrapper.application; includeInIndex = 0; path = studio.app; sourceTree = BUILT_PRODUCTS_DIR; };
		0D782306227EC29200EAE20F /* AppDelegate.swift */ = {isa = PBXFileReference; lastKnownFileType = sourcecode.swift; path = AppDelegate.swift; sourceTree = "<group>"; };
		0D782308227EC29200EAE20F /* ViewController.swift */ = {isa = PBXFileReference; lastKnownFileType = sourcecode.swift; path = ViewController.swift; sourceTree = "<group>"; };
		0D78230B227EC29200EAE20F /* Base */ = {isa = PBXFileReference; lastKnownFileType = file.storyboard; name = Base; path = Base.lproj/Main.storyboard; sourceTree = "<group>"; };
		0D78230D227EC29400EAE20F /* Assets.xcassets */ = {isa = PBXFileReference; lastKnownFileType = folder.assetcatalog; path = Assets.xcassets; sourceTree = "<group>"; };
		0D782310227EC29400EAE20F /* Base */ = {isa = PBXFileReference; lastKnownFileType = file.storyboard; name = Base; path = Base.lproj/LaunchScreen.storyboard; sourceTree = "<group>"; };
		0D782312227EC29400EAE20F /* Info.plist */ = {isa = PBXFileReference; lastKnownFileType = text.plist.xml; path = Info.plist; sourceTree = "<group>"; };
		0D782317227EC29500EAE20F /* studioTests.xctest */ = {isa = PBXFileReference; explicitFileType = wrapper.cfbundle; includeInIndex = 0; path = studioTests.xctest; sourceTree = BUILT_PRODUCTS_DIR; };
		0D78231B227EC29500EAE20F /* studioTests.swift */ = {isa = PBXFileReference; lastKnownFileType = sourcecode.swift; path = studioTests.swift; sourceTree = "<group>"; };
		0D78231D227EC29500EAE20F /* Info.plist */ = {isa = PBXFileReference; lastKnownFileType = text.plist.xml; path = Info.plist; sourceTree = "<group>"; };
		0D78232B227EC4F200EAE20F /* Data.framework */ = {isa = PBXFileReference; explicitFileType = wrapper.framework; includeInIndex = 0; path = Data.framework; sourceTree = BUILT_PRODUCTS_DIR; };
		0D78232D227EC4F200EAE20F /* Data.h */ = {isa = PBXFileReference; lastKnownFileType = sourcecode.c.h; path = Data.h; sourceTree = "<group>"; };
		0D78232E227EC4F200EAE20F /* Info.plist */ = {isa = PBXFileReference; lastKnownFileType = text.plist.xml; path = Info.plist; sourceTree = "<group>"; };
		0D782333227EC4F200EAE20F /* DataTests.xctest */ = {isa = PBXFileReference; explicitFileType = wrapper.cfbundle; includeInIndex = 0; path = DataTests.xctest; sourceTree = BUILT_PRODUCTS_DIR; };
		0D78233A227EC4F300EAE20F /* DataTests.swift */ = {isa = PBXFileReference; lastKnownFileType = sourcecode.swift; path = DataTests.swift; sourceTree = "<group>"; };
		0D78233C227EC4F300EAE20F /* Info.plist */ = {isa = PBXFileReference; lastKnownFileType = text.plist.xml; path = Info.plist; sourceTree = "<group>"; };
		0D78234E227EC52B00EAE20F /* Model.framework */ = {isa = PBXFileReference; explicitFileType = wrapper.framework; includeInIndex = 0; path = Model.framework; sourceTree = BUILT_PRODUCTS_DIR; };
		0D782350227EC52B00EAE20F /* Model.h */ = {isa = PBXFileReference; lastKnownFileType = sourcecode.c.h; path = Model.h; sourceTree = "<group>"; };
		0D782351227EC52B00EAE20F /* Info.plist */ = {isa = PBXFileReference; lastKnownFileType = text.plist.xml; path = Info.plist; sourceTree = "<group>"; };
		0D782356227EC52B00EAE20F /* ModelTests.xctest */ = {isa = PBXFileReference; explicitFileType = wrapper.cfbundle; includeInIndex = 0; path = ModelTests.xctest; sourceTree = BUILT_PRODUCTS_DIR; };
		0D78235D227EC52B00EAE20F /* ModelTests.swift */ = {isa = PBXFileReference; lastKnownFileType = sourcecode.swift; path = ModelTests.swift; sourceTree = "<group>"; };
		0D78235F227EC52B00EAE20F /* Info.plist */ = {isa = PBXFileReference; lastKnownFileType = text.plist.xml; path = Info.plist; sourceTree = "<group>"; };
		0D782372227EC54300EAE20F /* Shared.framework */ = {isa = PBXFileReference; explicitFileType = wrapper.framework; includeInIndex = 0; path = Shared.framework; sourceTree = BUILT_PRODUCTS_DIR; };
		0D782374227EC54300EAE20F /* Shared.h */ = {isa = PBXFileReference; lastKnownFileType = sourcecode.c.h; path = Shared.h; sourceTree = "<group>"; };
		0D782375227EC54300EAE20F /* Info.plist */ = {isa = PBXFileReference; lastKnownFileType = text.plist.xml; path = Info.plist; sourceTree = "<group>"; };
		0D78237A227EC54300EAE20F /* SharedTests.xctest */ = {isa = PBXFileReference; explicitFileType = wrapper.cfbundle; includeInIndex = 0; path = SharedTests.xctest; sourceTree = BUILT_PRODUCTS_DIR; };
		0D782381227EC54300EAE20F /* SharedTests.swift */ = {isa = PBXFileReference; lastKnownFileType = sourcecode.swift; path = SharedTests.swift; sourceTree = "<group>"; };
		0D782383227EC54300EAE20F /* Info.plist */ = {isa = PBXFileReference; lastKnownFileType = text.plist.xml; path = Info.plist; sourceTree = "<group>"; };
		0D782391227EC8AE00EAE20F /* StudioApi.swift */ = {isa = PBXFileReference; lastKnownFileType = sourcecode.swift; path = StudioApi.swift; sourceTree = "<group>"; };
		0D782393227EC94900EAE20F /* StudioApiService.swift */ = {isa = PBXFileReference; lastKnownFileType = sourcecode.swift; path = StudioApiService.swift; sourceTree = "<group>"; };
		0D782395227EC99300EAE20F /* StudioApiEndpoint.swift */ = {isa = PBXFileReference; lastKnownFileType = sourcecode.swift; path = StudioApiEndpoint.swift; sourceTree = "<group>"; };
		0D782398227EC9E700EAE20F /* ReservationService.swift */ = {isa = PBXFileReference; lastKnownFileType = sourcecode.swift; path = ReservationService.swift; sourceTree = "<group>"; };
		0D78239A227ECA6A00EAE20F /* StudioReservation.swift */ = {isa = PBXFileReference; lastKnownFileType = sourcecode.swift; path = StudioReservation.swift; sourceTree = "<group>"; };
		0D78239C227ECBB600EAE20F /* RxAtomic.framework */ = {isa = PBXFileReference; lastKnownFileType = wrapper.framework; name = RxAtomic.framework; path = Carthage/Build/iOS/RxAtomic.framework; sourceTree = "<group>"; };
		0D78239D227ECBB600EAE20F /* SwiftExtensions.framework */ = {isa = PBXFileReference; lastKnownFileType = wrapper.framework; name = SwiftExtensions.framework; path = Carthage/Build/iOS/SwiftExtensions.framework; sourceTree = "<group>"; };
		0D78239E227ECBB600EAE20F /* Moya.framework */ = {isa = PBXFileReference; lastKnownFileType = wrapper.framework; name = Moya.framework; path = Carthage/Build/iOS/Moya.framework; sourceTree = "<group>"; };
		0D78239F227ECBB600EAE20F /* RxSwift.framework */ = {isa = PBXFileReference; lastKnownFileType = wrapper.framework; name = RxSwift.framework; path = Carthage/Build/iOS/RxSwift.framework; sourceTree = "<group>"; };
		0D7823A0227ECBB600EAE20F /* RxBlocking.framework */ = {isa = PBXFileReference; lastKnownFileType = wrapper.framework; name = RxBlocking.framework; path = Carthage/Build/iOS/RxBlocking.framework; sourceTree = "<group>"; };
		0D7823A1227ECBB600EAE20F /* RxMoya.framework */ = {isa = PBXFileReference; lastKnownFileType = wrapper.framework; name = RxMoya.framework; path = Carthage/Build/iOS/RxMoya.framework; sourceTree = "<group>"; };
		0D7823A2227ECBB600EAE20F /* RxCocoa.framework */ = {isa = PBXFileReference; lastKnownFileType = wrapper.framework; name = RxCocoa.framework; path = Carthage/Build/iOS/RxCocoa.framework; sourceTree = "<group>"; };
		0D7823A3227ECBB600EAE20F /* Result.framework */ = {isa = PBXFileReference; lastKnownFileType = wrapper.framework; name = Result.framework; path = Carthage/Build/iOS/Result.framework; sourceTree = "<group>"; };
		0D7823B4227EDF9A00EAE20F /* LoginService.swift */ = {isa = PBXFileReference; lastKnownFileType = sourcecode.swift; path = LoginService.swift; sourceTree = "<group>"; };
		0D8DAC732286CEE50032BD17 /* RxDataSources.framework */ = {isa = PBXFileReference; lastKnownFileType = wrapper.framework; name = RxDataSources.framework; path = Carthage/Build/iOS/RxDataSources.framework; sourceTree = "<group>"; };
		0D8DAC742286CEE50032BD17 /* RxRelay.framework */ = {isa = PBXFileReference; lastKnownFileType = wrapper.framework; name = RxRelay.framework; path = Carthage/Build/iOS/RxRelay.framework; sourceTree = "<group>"; };
		0D8DAC752286CEE50032BD17 /* Differentiator.framework */ = {isa = PBXFileReference; lastKnownFileType = wrapper.framework; name = Differentiator.framework; path = Carthage/Build/iOS/Differentiator.framework; sourceTree = "<group>"; };
		0D8DAC7E2286D26B0032BD17 /* ViewComponent.framework */ = {isa = PBXFileReference; explicitFileType = wrapper.framework; includeInIndex = 0; path = ViewComponent.framework; sourceTree = BUILT_PRODUCTS_DIR; };
		0D8DAC802286D26B0032BD17 /* ViewComponent.h */ = {isa = PBXFileReference; lastKnownFileType = sourcecode.c.h; path = ViewComponent.h; sourceTree = "<group>"; };
		0D8DAC812286D26B0032BD17 /* Info.plist */ = {isa = PBXFileReference; lastKnownFileType = text.plist.xml; path = Info.plist; sourceTree = "<group>"; };
		0D8DAC862286D26B0032BD17 /* ViewComponentTests.xctest */ = {isa = PBXFileReference; explicitFileType = wrapper.cfbundle; includeInIndex = 0; path = ViewComponentTests.xctest; sourceTree = BUILT_PRODUCTS_DIR; };
		0D8DAC8D2286D26C0032BD17 /* ViewComponentTests.swift */ = {isa = PBXFileReference; lastKnownFileType = sourcecode.swift; path = ViewComponentTests.swift; sourceTree = "<group>"; };
		0D8DAC8F2286D26C0032BD17 /* Info.plist */ = {isa = PBXFileReference; lastKnownFileType = text.plist.xml; path = Info.plist; sourceTree = "<group>"; };
		0D8DACA02286D2AC0032BD17 /* Extension.framework */ = {isa = PBXFileReference; explicitFileType = wrapper.framework; includeInIndex = 0; path = Extension.framework; sourceTree = BUILT_PRODUCTS_DIR; };
		0D8DACA22286D2AC0032BD17 /* Extension.h */ = {isa = PBXFileReference; lastKnownFileType = sourcecode.c.h; path = Extension.h; sourceTree = "<group>"; };
		0D8DACA32286D2AC0032BD17 /* Info.plist */ = {isa = PBXFileReference; lastKnownFileType = text.plist.xml; path = Info.plist; sourceTree = "<group>"; };
		0D8DACA82286D2AC0032BD17 /* ExtensionTests.xctest */ = {isa = PBXFileReference; explicitFileType = wrapper.cfbundle; includeInIndex = 0; path = ExtensionTests.xctest; sourceTree = BUILT_PRODUCTS_DIR; };
		0D8DACAF2286D2AC0032BD17 /* ExtensionTests.swift */ = {isa = PBXFileReference; lastKnownFileType = sourcecode.swift; path = ExtensionTests.swift; sourceTree = "<group>"; };
		0D8DACB12286D2AC0032BD17 /* Info.plist */ = {isa = PBXFileReference; lastKnownFileType = text.plist.xml; path = Info.plist; sourceTree = "<group>"; };
		0D8DACC22286D4D20032BD17 /* StudioSchedule.swift */ = {isa = PBXFileReference; lastKnownFileType = sourcecode.swift; path = StudioSchedule.swift; sourceTree = "<group>"; };
		0D8DACC42286D89B0032BD17 /* StudioTimeTableDataSource.swift */ = {isa = PBXFileReference; lastKnownFileType = sourcecode.swift; path = StudioTimeTableDataSource.swift; sourceTree = "<group>"; };
		0D8DACCB2286DCAA0032BD17 /* StudioTimeTableViewController.swift */ = {isa = PBXFileReference; lastKnownFileType = sourcecode.swift; path = StudioTimeTableViewController.swift; sourceTree = "<group>"; };
		0D8DACCD2286F7C10032BD17 /* RoutableViewController+Configurator.swift */ = {isa = PBXFileReference; lastKnownFileType = sourcecode.swift; path = "RoutableViewController+Configurator.swift"; sourceTree = "<group>"; };
		0D8DACCF2286F7F70032BD17 /* ViewModelInjectable.swift */ = {isa = PBXFileReference; lastKnownFileType = sourcecode.swift; path = ViewModelInjectable.swift; sourceTree = "<group>"; };
		0D8DACD12286FA160032BD17 /* StudioTimeTableConfigurator.swift */ = {isa = PBXFileReference; lastKnownFileType = sourcecode.swift; path = StudioTimeTableConfigurator.swift; sourceTree = "<group>"; };
		0D8DACD42286FAED0032BD17 /* StudioTimeTableViewModel.swift */ = {isa = PBXFileReference; lastKnownFileType = sourcecode.swift; path = StudioTimeTableViewModel.swift; sourceTree = "<group>"; };
		0D8DACD92286FBE70032BD17 /* Inputable.swift */ = {isa = PBXFileReference; lastKnownFileType = sourcecode.swift; path = Inputable.swift; sourceTree = "<group>"; };
		0D8DACDB2286FC210032BD17 /* Outputable.swift */ = {isa = PBXFileReference; lastKnownFileType = sourcecode.swift; path = Outputable.swift; sourceTree = "<group>"; };
		0DE861F62280149100046DDB /* StudioReservationManager.swift */ = {isa = PBXFileReference; lastKnownFileType = sourcecode.swift; path = StudioReservationManager.swift; sourceTree = "<group>"; };
/* End PBXFileReference section */

/* Begin PBXFrameworksBuildPhase section */
		0D782300227EC29200EAE20F /* Frameworks */ = {
			isa = PBXFrameworksBuildPhase;
			buildActionMask = 2147483647;
			files = (
				0D782363227EC52B00EAE20F /* Model.framework in Frameworks */,
				0D7823AB227ECBB600EAE20F /* Result.framework in Frameworks */,
				0D7823A4227ECBB600EAE20F /* RxAtomic.framework in Frameworks */,
				0D8DACB52286D2AC0032BD17 /* Extension.framework in Frameworks */,
				0D8DAC932286D26C0032BD17 /* ViewComponent.framework in Frameworks */,
				0D7823A7227ECBB600EAE20F /* RxSwift.framework in Frameworks */,
				0D7823A5227ECBB600EAE20F /* SwiftExtensions.framework in Frameworks */,
				0D8DAC762286CEE50032BD17 /* RxDataSources.framework in Frameworks */,
				0D8DAC782286CEE50032BD17 /* Differentiator.framework in Frameworks */,
				0D7823A9227ECBB600EAE20F /* RxMoya.framework in Frameworks */,
				0D782387227EC54300EAE20F /* Shared.framework in Frameworks */,
				0D8DAC772286CEE50032BD17 /* RxRelay.framework in Frameworks */,
				0D7823A6227ECBB600EAE20F /* Moya.framework in Frameworks */,
				0D7823AA227ECBB600EAE20F /* RxCocoa.framework in Frameworks */,
				0D782340227EC4F300EAE20F /* Data.framework in Frameworks */,
			);
			runOnlyForDeploymentPostprocessing = 0;
		};
		0D782314227EC29500EAE20F /* Frameworks */ = {
			isa = PBXFrameworksBuildPhase;
			buildActionMask = 2147483647;
			files = (
			);
			runOnlyForDeploymentPostprocessing = 0;
		};
		0D782328227EC4F200EAE20F /* Frameworks */ = {
			isa = PBXFrameworksBuildPhase;
			buildActionMask = 2147483647;
			files = (
				0D78236C227EC53900EAE20F /* Model.framework in Frameworks */,
				0D7823AC227ECBC400EAE20F /* Moya.framework in Frameworks */,
				0D7823AD227ECBC400EAE20F /* Result.framework in Frameworks */,
				0D7823AE227ECBC400EAE20F /* RxAtomic.framework in Frameworks */,
				0D7823B0227ECBC400EAE20F /* RxCocoa.framework in Frameworks */,
				0D7823B1227ECBC400EAE20F /* RxMoya.framework in Frameworks */,
				0D7823B2227ECBC400EAE20F /* RxSwift.framework in Frameworks */,
			);
			runOnlyForDeploymentPostprocessing = 0;
		};
		0D782330227EC4F200EAE20F /* Frameworks */ = {
			isa = PBXFrameworksBuildPhase;
			buildActionMask = 2147483647;
			files = (
				0D782334227EC4F300EAE20F /* Data.framework in Frameworks */,
			);
			runOnlyForDeploymentPostprocessing = 0;
		};
		0D78234B227EC52B00EAE20F /* Frameworks */ = {
			isa = PBXFrameworksBuildPhase;
			buildActionMask = 2147483647;
			files = (
				0D8DACC62286D8C30032BD17 /* Differentiator.framework in Frameworks */,
				0D8DACC72286D8C30032BD17 /* RxDataSources.framework in Frameworks */,
				0D8DACC92286D8DA0032BD17 /* RxCocoa.framework in Frameworks */,
				0D8DACC82286D8CE0032BD17 /* RxSwift.framework in Frameworks */,
			);
			runOnlyForDeploymentPostprocessing = 0;
		};
		0D782353227EC52B00EAE20F /* Frameworks */ = {
			isa = PBXFrameworksBuildPhase;
			buildActionMask = 2147483647;
			files = (
				0D782357227EC52B00EAE20F /* Model.framework in Frameworks */,
			);
			runOnlyForDeploymentPostprocessing = 0;
		};
		0D78236F227EC54300EAE20F /* Frameworks */ = {
			isa = PBXFrameworksBuildPhase;
			buildActionMask = 2147483647;
			files = (
				0DE861FB228014E700046DDB /* Data.framework in Frameworks */,
				0DE861FA228014E400046DDB /* Model.framework in Frameworks */,
				0DE861F8228014B800046DDB /* RxSwift.framework in Frameworks */,
				0DE861F9228014BC00046DDB /* RxCocoa.framework in Frameworks */,
			);
			runOnlyForDeploymentPostprocessing = 0;
		};
		0D782377227EC54300EAE20F /* Frameworks */ = {
			isa = PBXFrameworksBuildPhase;
			buildActionMask = 2147483647;
			files = (
				0D78237B227EC54300EAE20F /* Shared.framework in Frameworks */,
			);
			runOnlyForDeploymentPostprocessing = 0;
		};
		0D8DAC7B2286D26B0032BD17 /* Frameworks */ = {
			isa = PBXFrameworksBuildPhase;
			buildActionMask = 2147483647;
			files = (
				0D8DACC12286D3BB0032BD17 /* Model.framework in Frameworks */,
			);
			runOnlyForDeploymentPostprocessing = 0;
		};
		0D8DAC832286D26B0032BD17 /* Frameworks */ = {
			isa = PBXFrameworksBuildPhase;
			buildActionMask = 2147483647;
			files = (
				0D8DAC872286D26C0032BD17 /* ViewComponent.framework in Frameworks */,
			);
			runOnlyForDeploymentPostprocessing = 0;
		};
		0D8DAC9D2286D2AC0032BD17 /* Frameworks */ = {
			isa = PBXFrameworksBuildPhase;
			buildActionMask = 2147483647;
			files = (
			);
			runOnlyForDeploymentPostprocessing = 0;
		};
		0D8DACA52286D2AC0032BD17 /* Frameworks */ = {
			isa = PBXFrameworksBuildPhase;
			buildActionMask = 2147483647;
			files = (
				0D8DACA92286D2AC0032BD17 /* Extension.framework in Frameworks */,
			);
			runOnlyForDeploymentPostprocessing = 0;
		};
/* End PBXFrameworksBuildPhase section */

/* Begin PBXGroup section */
		0D7822FA227EC29200EAE20F = {
			isa = PBXGroup;
			children = (
				0D782305227EC29200EAE20F /* studio */,
				0D78231A227EC29500EAE20F /* studioTests */,
				0D78232C227EC4F200EAE20F /* Data */,
				0D782339227EC4F300EAE20F /* DataTests */,
				0D78234F227EC52B00EAE20F /* Model */,
				0D78235C227EC52B00EAE20F /* ModelTests */,
				0D782373227EC54300EAE20F /* Shared */,
				0D782380227EC54300EAE20F /* SharedTests */,
				0D8DAC7F2286D26B0032BD17 /* ViewComponent */,
				0D8DAC8C2286D26C0032BD17 /* ViewComponentTests */,
				0D8DACA12286D2AC0032BD17 /* Extension */,
				0D8DACAE2286D2AC0032BD17 /* ExtensionTests */,
				0D782304227EC29200EAE20F /* Products */,
				0D78236B227EC53900EAE20F /* Frameworks */,
			);
			sourceTree = "<group>";
		};
		0D782304227EC29200EAE20F /* Products */ = {
			isa = PBXGroup;
			children = (
				0D782303227EC29200EAE20F /* studio.app */,
				0D782317227EC29500EAE20F /* studioTests.xctest */,
				0D78232B227EC4F200EAE20F /* Data.framework */,
				0D782333227EC4F200EAE20F /* DataTests.xctest */,
				0D78234E227EC52B00EAE20F /* Model.framework */,
				0D782356227EC52B00EAE20F /* ModelTests.xctest */,
				0D782372227EC54300EAE20F /* Shared.framework */,
				0D78237A227EC54300EAE20F /* SharedTests.xctest */,
				0D8DAC7E2286D26B0032BD17 /* ViewComponent.framework */,
				0D8DAC862286D26B0032BD17 /* ViewComponentTests.xctest */,
				0D8DACA02286D2AC0032BD17 /* Extension.framework */,
				0D8DACA82286D2AC0032BD17 /* ExtensionTests.xctest */,
			);
			name = Products;
			sourceTree = "<group>";
		};
		0D782305227EC29200EAE20F /* studio */ = {
			isa = PBXGroup;
			children = (
				0D8DACD32286FA610032BD17 /* ViewModel */,
				0D8DACCA2286DC960032BD17 /* ViewController */,
				0D782306227EC29200EAE20F /* AppDelegate.swift */,
				0D782308227EC29200EAE20F /* ViewController.swift */,
				0D78230A227EC29200EAE20F /* Main.storyboard */,
				0D78230D227EC29400EAE20F /* Assets.xcassets */,
				0D78230F227EC29400EAE20F /* LaunchScreen.storyboard */,
				0D782312227EC29400EAE20F /* Info.plist */,
			);
			path = studio;
			sourceTree = "<group>";
		};
		0D78231A227EC29500EAE20F /* studioTests */ = {
			isa = PBXGroup;
			children = (
				0D78231B227EC29500EAE20F /* studioTests.swift */,
				0D78231D227EC29500EAE20F /* Info.plist */,
			);
			path = studioTests;
			sourceTree = "<group>";
		};
		0D78232C227EC4F200EAE20F /* Data */ = {
			isa = PBXGroup;
			children = (
				0D782390227EC89E00EAE20F /* Api */,
				0D78232D227EC4F200EAE20F /* Data.h */,
				0D78232E227EC4F200EAE20F /* Info.plist */,
			);
			path = Data;
			sourceTree = "<group>";
		};
		0D782339227EC4F300EAE20F /* DataTests */ = {
			isa = PBXGroup;
			children = (
				0D78233A227EC4F300EAE20F /* DataTests.swift */,
				0D78233C227EC4F300EAE20F /* Info.plist */,
			);
			path = DataTests;
			sourceTree = "<group>";
		};
		0D78234F227EC52B00EAE20F /* Model */ = {
			isa = PBXGroup;
			children = (
				0D782350227EC52B00EAE20F /* Model.h */,
				0D782351227EC52B00EAE20F /* Info.plist */,
				0D78239A227ECA6A00EAE20F /* StudioReservation.swift */,
				0D8DACC22286D4D20032BD17 /* StudioSchedule.swift */,
				0D8DACC42286D89B0032BD17 /* StudioTimeTableDataSource.swift */,
			);
			path = Model;
			sourceTree = "<group>";
		};
		0D78235C227EC52B00EAE20F /* ModelTests */ = {
			isa = PBXGroup;
			children = (
				0D78235D227EC52B00EAE20F /* ModelTests.swift */,
				0D78235F227EC52B00EAE20F /* Info.plist */,
			);
			path = ModelTests;
			sourceTree = "<group>";
		};
		0D78236B227EC53900EAE20F /* Frameworks */ = {
			isa = PBXGroup;
			children = (
				0D8DAC752286CEE50032BD17 /* Differentiator.framework */,
				0D8DAC732286CEE50032BD17 /* RxDataSources.framework */,
				0D8DAC742286CEE50032BD17 /* RxRelay.framework */,
				0D78239E227ECBB600EAE20F /* Moya.framework */,
				0D7823A3227ECBB600EAE20F /* Result.framework */,
				0D78239C227ECBB600EAE20F /* RxAtomic.framework */,
				0D7823A0227ECBB600EAE20F /* RxBlocking.framework */,
				0D7823A2227ECBB600EAE20F /* RxCocoa.framework */,
				0D7823A1227ECBB600EAE20F /* RxMoya.framework */,
				0D78239F227ECBB600EAE20F /* RxSwift.framework */,
				0D78239D227ECBB600EAE20F /* SwiftExtensions.framework */,
			);
			name = Frameworks;
			sourceTree = "<group>";
		};
		0D782373227EC54300EAE20F /* Shared */ = {
			isa = PBXGroup;
			children = (
				0D782374227EC54300EAE20F /* Shared.h */,
				0D782375227EC54300EAE20F /* Info.plist */,
				0DE861F62280149100046DDB /* StudioReservationManager.swift */,
			);
			path = Shared;
			sourceTree = "<group>";
		};
		0D782380227EC54300EAE20F /* SharedTests */ = {
			isa = PBXGroup;
			children = (
				0D782381227EC54300EAE20F /* SharedTests.swift */,
				0D782383227EC54300EAE20F /* Info.plist */,
			);
			path = SharedTests;
			sourceTree = "<group>";
		};
		0D78238F227EC89100EAE20F /* StudioApi */ = {
			isa = PBXGroup;
			children = (
				0D782397227EC9CB00EAE20F /* Service */,
				0D782391227EC8AE00EAE20F /* StudioApi.swift */,
				0D782393227EC94900EAE20F /* StudioApiService.swift */,
				0D782395227EC99300EAE20F /* StudioApiEndpoint.swift */,
			);
			path = StudioApi;
			sourceTree = "<group>";
		};
		0D782390227EC89E00EAE20F /* Api */ = {
			isa = PBXGroup;
			children = (
				0D78238F227EC89100EAE20F /* StudioApi */,
			);
			path = Api;
			sourceTree = "<group>";
		};
		0D782397227EC9CB00EAE20F /* Service */ = {
			isa = PBXGroup;
			children = (
				0D782398227EC9E700EAE20F /* ReservationService.swift */,
				0D7823B4227EDF9A00EAE20F /* LoginService.swift */,
			);
			path = Service;
			sourceTree = "<group>";
		};
		0D8DAC7F2286D26B0032BD17 /* ViewComponent */ = {
			isa = PBXGroup;
			children = (
				0D8DAC802286D26B0032BD17 /* ViewComponent.h */,
				0D8DAC812286D26B0032BD17 /* Info.plist */,
			);
			path = ViewComponent;
			sourceTree = "<group>";
		};
		0D8DAC8C2286D26C0032BD17 /* ViewComponentTests */ = {
			isa = PBXGroup;
			children = (
				0D8DAC8D2286D26C0032BD17 /* ViewComponentTests.swift */,
				0D8DAC8F2286D26C0032BD17 /* Info.plist */,
			);
			path = ViewComponentTests;
			sourceTree = "<group>";
		};
		0D8DACA12286D2AC0032BD17 /* Extension */ = {
			isa = PBXGroup;
			children = (
				0D8DACD82286FBBA0032BD17 /* Connectable */,
				0D8DACD72286FBA80032BD17 /* Configurator */,
				0D8DACA22286D2AC0032BD17 /* Extension.h */,
				0D8DACA32286D2AC0032BD17 /* Info.plist */,
			);
			path = Extension;
			sourceTree = "<group>";
		};
		0D8DACAE2286D2AC0032BD17 /* ExtensionTests */ = {
			isa = PBXGroup;
			children = (
				0D8DACAF2286D2AC0032BD17 /* ExtensionTests.swift */,
				0D8DACB12286D2AC0032BD17 /* Info.plist */,
			);
			path = ExtensionTests;
			sourceTree = "<group>";
		};
		0D8DACCA2286DC960032BD17 /* ViewController */ = {
			isa = PBXGroup;
			children = (
				0D8DACCB2286DCAA0032BD17 /* StudioTimeTableViewController.swift */,
				0D8DACD12286FA160032BD17 /* StudioTimeTableConfigurator.swift */,
			);
			path = ViewController;
			sourceTree = "<group>";
		};
		0D8DACD32286FA610032BD17 /* ViewModel */ = {
			isa = PBXGroup;
			children = (
				0D8DACD42286FAED0032BD17 /* StudioTimeTableViewModel.swift */,
			);
			path = ViewModel;
			sourceTree = "<group>";
		};
		0D8DACD72286FBA80032BD17 /* Configurator */ = {
			isa = PBXGroup;
			children = (
				0D8DACCD2286F7C10032BD17 /* RoutableViewController+Configurator.swift */,
				0D8DACCF2286F7F70032BD17 /* ViewModelInjectable.swift */,
			);
			path = Configurator;
			sourceTree = "<group>";
		};
		0D8DACD82286FBBA0032BD17 /* Connectable */ = {
			isa = PBXGroup;
			children = (
				0D8DACD92286FBE70032BD17 /* Inputable.swift */,
				0D8DACDB2286FC210032BD17 /* Outputable.swift */,
			);
			path = Connectable;
			sourceTree = "<group>";
		};
/* End PBXGroup section */

/* Begin PBXHeadersBuildPhase section */
		0D782326227EC4F200EAE20F /* Headers */ = {
			isa = PBXHeadersBuildPhase;
			buildActionMask = 2147483647;
			files = (
				0D78233D227EC4F300EAE20F /* Data.h in Headers */,
			);
			runOnlyForDeploymentPostprocessing = 0;
		};
		0D782349227EC52B00EAE20F /* Headers */ = {
			isa = PBXHeadersBuildPhase;
			buildActionMask = 2147483647;
			files = (
				0D782360227EC52B00EAE20F /* Model.h in Headers */,
			);
			runOnlyForDeploymentPostprocessing = 0;
		};
		0D78236D227EC54300EAE20F /* Headers */ = {
			isa = PBXHeadersBuildPhase;
			buildActionMask = 2147483647;
			files = (
				0D782384227EC54300EAE20F /* Shared.h in Headers */,
			);
			runOnlyForDeploymentPostprocessing = 0;
		};
		0D8DAC792286D26B0032BD17 /* Headers */ = {
			isa = PBXHeadersBuildPhase;
			buildActionMask = 2147483647;
			files = (
				0D8DAC902286D26C0032BD17 /* ViewComponent.h in Headers */,
			);
			runOnlyForDeploymentPostprocessing = 0;
		};
		0D8DAC9B2286D2AC0032BD17 /* Headers */ = {
			isa = PBXHeadersBuildPhase;
			buildActionMask = 2147483647;
			files = (
				0D8DACB22286D2AC0032BD17 /* Extension.h in Headers */,
			);
			runOnlyForDeploymentPostprocessing = 0;
		};
/* End PBXHeadersBuildPhase section */

/* Begin PBXNativeTarget section */
		0D782302227EC29200EAE20F /* studio */ = {
			isa = PBXNativeTarget;
			buildConfigurationList = 0D782320227EC29500EAE20F /* Build configuration list for PBXNativeTarget "studio" */;
			buildPhases = (
				0D7822FF227EC29200EAE20F /* Sources */,
				0D782300227EC29200EAE20F /* Frameworks */,
				0D782301227EC29200EAE20F /* Resources */,
				0D782345227EC4F300EAE20F /* Embed Frameworks */,
				0D7823B3227ECBD500EAE20F /* copy-frameworks */,
			);
			buildRules = (
			);
			dependencies = (
				0D78233F227EC4F300EAE20F /* PBXTargetDependency */,
				0D782362227EC52B00EAE20F /* PBXTargetDependency */,
				0D782386227EC54300EAE20F /* PBXTargetDependency */,
				0D8DAC922286D26C0032BD17 /* PBXTargetDependency */,
				0D8DACB42286D2AC0032BD17 /* PBXTargetDependency */,
			);
			name = studio;
			productName = studio;
			productReference = 0D782303227EC29200EAE20F /* studio.app */;
			productType = "com.apple.product-type.application";
		};
		0D782316227EC29500EAE20F /* studioTests */ = {
			isa = PBXNativeTarget;
			buildConfigurationList = 0D782323227EC29500EAE20F /* Build configuration list for PBXNativeTarget "studioTests" */;
			buildPhases = (
				0D782313227EC29500EAE20F /* Sources */,
				0D782314227EC29500EAE20F /* Frameworks */,
				0D782315227EC29500EAE20F /* Resources */,
			);
			buildRules = (
			);
			dependencies = (
				0D782319227EC29500EAE20F /* PBXTargetDependency */,
			);
			name = studioTests;
			productName = studioTests;
			productReference = 0D782317227EC29500EAE20F /* studioTests.xctest */;
			productType = "com.apple.product-type.bundle.unit-test";
		};
		0D78232A227EC4F200EAE20F /* Data */ = {
			isa = PBXNativeTarget;
			buildConfigurationList = 0D782342227EC4F300EAE20F /* Build configuration list for PBXNativeTarget "Data" */;
			buildPhases = (
				0D782326227EC4F200EAE20F /* Headers */,
				0D782327227EC4F200EAE20F /* Sources */,
				0D782328227EC4F200EAE20F /* Frameworks */,
				0D782329227EC4F200EAE20F /* Resources */,
			);
			buildRules = (
			);
			dependencies = (
			);
			name = Data;
			productName = Data;
			productReference = 0D78232B227EC4F200EAE20F /* Data.framework */;
			productType = "com.apple.product-type.framework";
		};
		0D782332227EC4F200EAE20F /* DataTests */ = {
			isa = PBXNativeTarget;
			buildConfigurationList = 0D782346227EC4F300EAE20F /* Build configuration list for PBXNativeTarget "DataTests" */;
			buildPhases = (
				0D78232F227EC4F200EAE20F /* Sources */,
				0D782330227EC4F200EAE20F /* Frameworks */,
				0D782331227EC4F200EAE20F /* Resources */,
			);
			buildRules = (
			);
			dependencies = (
				0D782336227EC4F300EAE20F /* PBXTargetDependency */,
				0D782338227EC4F300EAE20F /* PBXTargetDependency */,
			);
			name = DataTests;
			productName = DataTests;
			productReference = 0D782333227EC4F200EAE20F /* DataTests.xctest */;
			productType = "com.apple.product-type.bundle.unit-test";
		};
		0D78234D227EC52B00EAE20F /* Model */ = {
			isa = PBXNativeTarget;
			buildConfigurationList = 0D782365227EC52B00EAE20F /* Build configuration list for PBXNativeTarget "Model" */;
			buildPhases = (
				0D782349227EC52B00EAE20F /* Headers */,
				0D78234A227EC52B00EAE20F /* Sources */,
				0D78234B227EC52B00EAE20F /* Frameworks */,
				0D78234C227EC52B00EAE20F /* Resources */,
			);
			buildRules = (
			);
			dependencies = (
			);
			name = Model;
			productName = Model;
			productReference = 0D78234E227EC52B00EAE20F /* Model.framework */;
			productType = "com.apple.product-type.framework";
		};
		0D782355227EC52B00EAE20F /* ModelTests */ = {
			isa = PBXNativeTarget;
			buildConfigurationList = 0D782368227EC52B00EAE20F /* Build configuration list for PBXNativeTarget "ModelTests" */;
			buildPhases = (
				0D782352227EC52B00EAE20F /* Sources */,
				0D782353227EC52B00EAE20F /* Frameworks */,
				0D782354227EC52B00EAE20F /* Resources */,
			);
			buildRules = (
			);
			dependencies = (
				0D782359227EC52B00EAE20F /* PBXTargetDependency */,
				0D78235B227EC52B00EAE20F /* PBXTargetDependency */,
			);
			name = ModelTests;
			productName = ModelTests;
			productReference = 0D782356227EC52B00EAE20F /* ModelTests.xctest */;
			productType = "com.apple.product-type.bundle.unit-test";
		};
		0D782371227EC54300EAE20F /* Shared */ = {
			isa = PBXNativeTarget;
			buildConfigurationList = 0D782389227EC54300EAE20F /* Build configuration list for PBXNativeTarget "Shared" */;
			buildPhases = (
				0D78236D227EC54300EAE20F /* Headers */,
				0D78236E227EC54300EAE20F /* Sources */,
				0D78236F227EC54300EAE20F /* Frameworks */,
				0D782370227EC54300EAE20F /* Resources */,
			);
			buildRules = (
			);
			dependencies = (
			);
			name = Shared;
			productName = Shared;
			productReference = 0D782372227EC54300EAE20F /* Shared.framework */;
			productType = "com.apple.product-type.framework";
		};
		0D782379227EC54300EAE20F /* SharedTests */ = {
			isa = PBXNativeTarget;
			buildConfigurationList = 0D78238C227EC54300EAE20F /* Build configuration list for PBXNativeTarget "SharedTests" */;
			buildPhases = (
				0D782376227EC54300EAE20F /* Sources */,
				0D782377227EC54300EAE20F /* Frameworks */,
				0D782378227EC54300EAE20F /* Resources */,
			);
			buildRules = (
			);
			dependencies = (
				0D78237D227EC54300EAE20F /* PBXTargetDependency */,
				0D78237F227EC54300EAE20F /* PBXTargetDependency */,
			);
			name = SharedTests;
			productName = SharedTests;
			productReference = 0D78237A227EC54300EAE20F /* SharedTests.xctest */;
			productType = "com.apple.product-type.bundle.unit-test";
		};
		0D8DAC7D2286D26B0032BD17 /* ViewComponent */ = {
			isa = PBXNativeTarget;
			buildConfigurationList = 0D8DAC952286D26C0032BD17 /* Build configuration list for PBXNativeTarget "ViewComponent" */;
			buildPhases = (
				0D8DAC792286D26B0032BD17 /* Headers */,
				0D8DAC7A2286D26B0032BD17 /* Sources */,
				0D8DAC7B2286D26B0032BD17 /* Frameworks */,
				0D8DAC7C2286D26B0032BD17 /* Resources */,
			);
			buildRules = (
			);
			dependencies = (
			);
			name = ViewComponent;
			productName = ViewComponent;
			productReference = 0D8DAC7E2286D26B0032BD17 /* ViewComponent.framework */;
			productType = "com.apple.product-type.framework";
		};
		0D8DAC852286D26B0032BD17 /* ViewComponentTests */ = {
			isa = PBXNativeTarget;
			buildConfigurationList = 0D8DAC982286D26C0032BD17 /* Build configuration list for PBXNativeTarget "ViewComponentTests" */;
			buildPhases = (
				0D8DAC822286D26B0032BD17 /* Sources */,
				0D8DAC832286D26B0032BD17 /* Frameworks */,
				0D8DAC842286D26B0032BD17 /* Resources */,
			);
			buildRules = (
			);
			dependencies = (
				0D8DAC892286D26C0032BD17 /* PBXTargetDependency */,
				0D8DAC8B2286D26C0032BD17 /* PBXTargetDependency */,
			);
			name = ViewComponentTests;
			productName = ViewComponentTests;
			productReference = 0D8DAC862286D26B0032BD17 /* ViewComponentTests.xctest */;
			productType = "com.apple.product-type.bundle.unit-test";
		};
		0D8DAC9F2286D2AC0032BD17 /* Extension */ = {
			isa = PBXNativeTarget;
			buildConfigurationList = 0D8DACB72286D2AC0032BD17 /* Build configuration list for PBXNativeTarget "Extension" */;
			buildPhases = (
				0D8DAC9B2286D2AC0032BD17 /* Headers */,
				0D8DAC9C2286D2AC0032BD17 /* Sources */,
				0D8DAC9D2286D2AC0032BD17 /* Frameworks */,
				0D8DAC9E2286D2AC0032BD17 /* Resources */,
			);
			buildRules = (
			);
			dependencies = (
			);
			name = Extension;
			productName = Extension;
			productReference = 0D8DACA02286D2AC0032BD17 /* Extension.framework */;
			productType = "com.apple.product-type.framework";
		};
		0D8DACA72286D2AC0032BD17 /* ExtensionTests */ = {
			isa = PBXNativeTarget;
			buildConfigurationList = 0D8DACBA2286D2AC0032BD17 /* Build configuration list for PBXNativeTarget "ExtensionTests" */;
			buildPhases = (
				0D8DACA42286D2AC0032BD17 /* Sources */,
				0D8DACA52286D2AC0032BD17 /* Frameworks */,
				0D8DACA62286D2AC0032BD17 /* Resources */,
			);
			buildRules = (
			);
			dependencies = (
				0D8DACAB2286D2AC0032BD17 /* PBXTargetDependency */,
				0D8DACAD2286D2AC0032BD17 /* PBXTargetDependency */,
			);
			name = ExtensionTests;
			productName = ExtensionTests;
			productReference = 0D8DACA82286D2AC0032BD17 /* ExtensionTests.xctest */;
			productType = "com.apple.product-type.bundle.unit-test";
		};
/* End PBXNativeTarget section */

/* Begin PBXProject section */
		0D7822FB227EC29200EAE20F /* Project object */ = {
			isa = PBXProject;
			attributes = {
				LastSwiftUpdateCheck = 1020;
				LastUpgradeCheck = 1020;
				ORGANIZATIONNAME = "Atsushi Miyake";
				TargetAttributes = {
					0D782302227EC29200EAE20F = {
						CreatedOnToolsVersion = 10.2.1;
					};
					0D782316227EC29500EAE20F = {
						CreatedOnToolsVersion = 10.2.1;
						TestTargetID = 0D782302227EC29200EAE20F;
					};
					0D78232A227EC4F200EAE20F = {
						CreatedOnToolsVersion = 10.2.1;
						LastSwiftMigration = 1020;
					};
					0D782332227EC4F200EAE20F = {
						CreatedOnToolsVersion = 10.2.1;
						TestTargetID = 0D782302227EC29200EAE20F;
					};
					0D78234D227EC52B00EAE20F = {
						CreatedOnToolsVersion = 10.2.1;
						LastSwiftMigration = 1020;
					};
					0D782355227EC52B00EAE20F = {
						CreatedOnToolsVersion = 10.2.1;
						TestTargetID = 0D782302227EC29200EAE20F;
					};
					0D782371227EC54300EAE20F = {
						CreatedOnToolsVersion = 10.2.1;
						LastSwiftMigration = 1020;
					};
					0D782379227EC54300EAE20F = {
						CreatedOnToolsVersion = 10.2.1;
						TestTargetID = 0D782302227EC29200EAE20F;
					};
					0D8DAC7D2286D26B0032BD17 = {
						CreatedOnToolsVersion = 10.2.1;
					};
					0D8DAC852286D26B0032BD17 = {
						CreatedOnToolsVersion = 10.2.1;
						TestTargetID = 0D782302227EC29200EAE20F;
					};
					0D8DAC9F2286D2AC0032BD17 = {
						CreatedOnToolsVersion = 10.2.1;
						LastSwiftMigration = 1020;
					};
					0D8DACA72286D2AC0032BD17 = {
						CreatedOnToolsVersion = 10.2.1;
						TestTargetID = 0D782302227EC29200EAE20F;
					};
				};
			};
			buildConfigurationList = 0D7822FE227EC29200EAE20F /* Build configuration list for PBXProject "studio" */;
			compatibilityVersion = "Xcode 9.3";
			developmentRegion = en;
			hasScannedForEncodings = 0;
			knownRegions = (
				en,
				Base,
			);
			mainGroup = 0D7822FA227EC29200EAE20F;
			productRefGroup = 0D782304227EC29200EAE20F /* Products */;
			projectDirPath = "";
			projectRoot = "";
			targets = (
				0D782302227EC29200EAE20F /* studio */,
				0D782316227EC29500EAE20F /* studioTests */,
				0D78232A227EC4F200EAE20F /* Data */,
				0D782332227EC4F200EAE20F /* DataTests */,
				0D78234D227EC52B00EAE20F /* Model */,
				0D782355227EC52B00EAE20F /* ModelTests */,
				0D782371227EC54300EAE20F /* Shared */,
				0D782379227EC54300EAE20F /* SharedTests */,
				0D8DAC7D2286D26B0032BD17 /* ViewComponent */,
				0D8DAC852286D26B0032BD17 /* ViewComponentTests */,
				0D8DAC9F2286D2AC0032BD17 /* Extension */,
				0D8DACA72286D2AC0032BD17 /* ExtensionTests */,
			);
		};
/* End PBXProject section */

/* Begin PBXResourcesBuildPhase section */
		0D782301227EC29200EAE20F /* Resources */ = {
			isa = PBXResourcesBuildPhase;
			buildActionMask = 2147483647;
			files = (
				0D782311227EC29400EAE20F /* LaunchScreen.storyboard in Resources */,
				0D78230E227EC29400EAE20F /* Assets.xcassets in Resources */,
				0D78230C227EC29200EAE20F /* Main.storyboard in Resources */,
			);
			runOnlyForDeploymentPostprocessing = 0;
		};
		0D782315227EC29500EAE20F /* Resources */ = {
			isa = PBXResourcesBuildPhase;
			buildActionMask = 2147483647;
			files = (
			);
			runOnlyForDeploymentPostprocessing = 0;
		};
		0D782329227EC4F200EAE20F /* Resources */ = {
			isa = PBXResourcesBuildPhase;
			buildActionMask = 2147483647;
			files = (
			);
			runOnlyForDeploymentPostprocessing = 0;
		};
		0D782331227EC4F200EAE20F /* Resources */ = {
			isa = PBXResourcesBuildPhase;
			buildActionMask = 2147483647;
			files = (
			);
			runOnlyForDeploymentPostprocessing = 0;
		};
		0D78234C227EC52B00EAE20F /* Resources */ = {
			isa = PBXResourcesBuildPhase;
			buildActionMask = 2147483647;
			files = (
			);
			runOnlyForDeploymentPostprocessing = 0;
		};
		0D782354227EC52B00EAE20F /* Resources */ = {
			isa = PBXResourcesBuildPhase;
			buildActionMask = 2147483647;
			files = (
			);
			runOnlyForDeploymentPostprocessing = 0;
		};
		0D782370227EC54300EAE20F /* Resources */ = {
			isa = PBXResourcesBuildPhase;
			buildActionMask = 2147483647;
			files = (
			);
			runOnlyForDeploymentPostprocessing = 0;
		};
		0D782378227EC54300EAE20F /* Resources */ = {
			isa = PBXResourcesBuildPhase;
			buildActionMask = 2147483647;
			files = (
			);
			runOnlyForDeploymentPostprocessing = 0;
		};
		0D8DAC7C2286D26B0032BD17 /* Resources */ = {
			isa = PBXResourcesBuildPhase;
			buildActionMask = 2147483647;
			files = (
			);
			runOnlyForDeploymentPostprocessing = 0;
		};
		0D8DAC842286D26B0032BD17 /* Resources */ = {
			isa = PBXResourcesBuildPhase;
			buildActionMask = 2147483647;
			files = (
			);
			runOnlyForDeploymentPostprocessing = 0;
		};
		0D8DAC9E2286D2AC0032BD17 /* Resources */ = {
			isa = PBXResourcesBuildPhase;
			buildActionMask = 2147483647;
			files = (
			);
			runOnlyForDeploymentPostprocessing = 0;
		};
		0D8DACA62286D2AC0032BD17 /* Resources */ = {
			isa = PBXResourcesBuildPhase;
			buildActionMask = 2147483647;
			files = (
			);
			runOnlyForDeploymentPostprocessing = 0;
		};
/* End PBXResourcesBuildPhase section */

/* Begin PBXShellScriptBuildPhase section */
		0D7823B3227ECBD500EAE20F /* copy-frameworks */ = {
			isa = PBXShellScriptBuildPhase;
			buildActionMask = 2147483647;
			files = (
			);
			inputFileListPaths = (
			);
			inputPaths = (
				"$(SRCROOT)/Carthage/Build/iOS/RxSwift.framework",
				"$(SRCROOT)/Carthage/Build/iOS/RxCocoa.framework",
				"$(SRCROOT)/Carthage/Build/iOS/Moya.framework",
				"$(SRCROOT)/Carthage/Build/iOS/RxMoya.framework",
				"$(SRCROOT)/Carthage/Build/iOS/Alamofire.framework",
				"$(SRCROOT)/Carthage/Build/iOS/Result.framework",
				"$(SRCROOT)/Carthage/Build/iOS/RxAtomic.framework",
				"$(SRCROOT)/Carthage/Build/iOS/SwiftExtensions.framework",
			);
			name = "copy-frameworks";
			outputFileListPaths = (
			);
			outputPaths = (
			);
			runOnlyForDeploymentPostprocessing = 0;
			shellPath = /bin/sh;
			shellScript = "/usr/local/bin/carthage copy-frameworks\n";
		};
/* End PBXShellScriptBuildPhase section */

/* Begin PBXSourcesBuildPhase section */
		0D7822FF227EC29200EAE20F /* Sources */ = {
			isa = PBXSourcesBuildPhase;
			buildActionMask = 2147483647;
			files = (
				0D782309227EC29200EAE20F /* ViewController.swift in Sources */,
				0D782307227EC29200EAE20F /* AppDelegate.swift in Sources */,
				0D8DACD52286FAED0032BD17 /* StudioTimeTableViewModel.swift in Sources */,
				0D8DACD22286FA160032BD17 /* StudioTimeTableConfigurator.swift in Sources */,
				0D8DACCC2286DCAA0032BD17 /* StudioTimeTableViewController.swift in Sources */,
			);
			runOnlyForDeploymentPostprocessing = 0;
		};
		0D782313227EC29500EAE20F /* Sources */ = {
			isa = PBXSourcesBuildPhase;
			buildActionMask = 2147483647;
			files = (
				0D78231C227EC29500EAE20F /* studioTests.swift in Sources */,
			);
			runOnlyForDeploymentPostprocessing = 0;
		};
		0D782327227EC4F200EAE20F /* Sources */ = {
			isa = PBXSourcesBuildPhase;
			buildActionMask = 2147483647;
			files = (
				0D782396227EC99300EAE20F /* StudioApiEndpoint.swift in Sources */,
				0D782394227EC94900EAE20F /* StudioApiService.swift in Sources */,
				0D7823B5227EDF9A00EAE20F /* LoginService.swift in Sources */,
				0D782399227EC9E700EAE20F /* ReservationService.swift in Sources */,
				0D782392227EC8AE00EAE20F /* StudioApi.swift in Sources */,
			);
			runOnlyForDeploymentPostprocessing = 0;
		};
		0D78232F227EC4F200EAE20F /* Sources */ = {
			isa = PBXSourcesBuildPhase;
			buildActionMask = 2147483647;
			files = (
				0D78233B227EC4F300EAE20F /* DataTests.swift in Sources */,
			);
			runOnlyForDeploymentPostprocessing = 0;
		};
		0D78234A227EC52B00EAE20F /* Sources */ = {
			isa = PBXSourcesBuildPhase;
			buildActionMask = 2147483647;
			files = (
				0D8DACC32286D4D20032BD17 /* StudioSchedule.swift in Sources */,
				0D78239B227ECA6A00EAE20F /* StudioReservation.swift in Sources */,
				0D8DACC52286D89B0032BD17 /* StudioTimeTableDataSource.swift in Sources */,
			);
			runOnlyForDeploymentPostprocessing = 0;
		};
		0D782352227EC52B00EAE20F /* Sources */ = {
			isa = PBXSourcesBuildPhase;
			buildActionMask = 2147483647;
			files = (
				0D78235E227EC52B00EAE20F /* ModelTests.swift in Sources */,
			);
			runOnlyForDeploymentPostprocessing = 0;
		};
		0D78236E227EC54300EAE20F /* Sources */ = {
			isa = PBXSourcesBuildPhase;
			buildActionMask = 2147483647;
			files = (
				0DE861F72280149100046DDB /* StudioReservationManager.swift in Sources */,
			);
			runOnlyForDeploymentPostprocessing = 0;
		};
		0D782376227EC54300EAE20F /* Sources */ = {
			isa = PBXSourcesBuildPhase;
			buildActionMask = 2147483647;
			files = (
				0D782382227EC54300EAE20F /* SharedTests.swift in Sources */,
			);
			runOnlyForDeploymentPostprocessing = 0;
		};
		0D8DAC7A2286D26B0032BD17 /* Sources */ = {
			isa = PBXSourcesBuildPhase;
			buildActionMask = 2147483647;
			files = (
			);
			runOnlyForDeploymentPostprocessing = 0;
		};
		0D8DAC822286D26B0032BD17 /* Sources */ = {
			isa = PBXSourcesBuildPhase;
			buildActionMask = 2147483647;
			files = (
				0D8DAC8E2286D26C0032BD17 /* ViewComponentTests.swift in Sources */,
			);
			runOnlyForDeploymentPostprocessing = 0;
		};
		0D8DAC9C2286D2AC0032BD17 /* Sources */ = {
			isa = PBXSourcesBuildPhase;
			buildActionMask = 2147483647;
			files = (
				0D8DACDC2286FC210032BD17 /* Outputable.swift in Sources */,
				0D8DACCE2286F7C10032BD17 /* RoutableViewController+Configurator.swift in Sources */,
				0D8DACDA2286FBE70032BD17 /* Inputable.swift in Sources */,
				0D8DACD02286F7F70032BD17 /* ViewModelInjectable.swift in Sources */,
			);
			runOnlyForDeploymentPostprocessing = 0;
		};
		0D8DACA42286D2AC0032BD17 /* Sources */ = {
			isa = PBXSourcesBuildPhase;
			buildActionMask = 2147483647;
			files = (
				0D8DACB02286D2AC0032BD17 /* ExtensionTests.swift in Sources */,
			);
			runOnlyForDeploymentPostprocessing = 0;
		};
/* End PBXSourcesBuildPhase section */

/* Begin PBXTargetDependency section */
		0D782319227EC29500EAE20F /* PBXTargetDependency */ = {
			isa = PBXTargetDependency;
			target = 0D782302227EC29200EAE20F /* studio */;
			targetProxy = 0D782318227EC29500EAE20F /* PBXContainerItemProxy */;
		};
		0D782336227EC4F300EAE20F /* PBXTargetDependency */ = {
			isa = PBXTargetDependency;
			target = 0D78232A227EC4F200EAE20F /* Data */;
			targetProxy = 0D782335227EC4F300EAE20F /* PBXContainerItemProxy */;
		};
		0D782338227EC4F300EAE20F /* PBXTargetDependency */ = {
			isa = PBXTargetDependency;
			target = 0D782302227EC29200EAE20F /* studio */;
			targetProxy = 0D782337227EC4F300EAE20F /* PBXContainerItemProxy */;
		};
		0D78233F227EC4F300EAE20F /* PBXTargetDependency */ = {
			isa = PBXTargetDependency;
			target = 0D78232A227EC4F200EAE20F /* Data */;
			targetProxy = 0D78233E227EC4F300EAE20F /* PBXContainerItemProxy */;
		};
		0D782359227EC52B00EAE20F /* PBXTargetDependency */ = {
			isa = PBXTargetDependency;
			target = 0D78234D227EC52B00EAE20F /* Model */;
			targetProxy = 0D782358227EC52B00EAE20F /* PBXContainerItemProxy */;
		};
		0D78235B227EC52B00EAE20F /* PBXTargetDependency */ = {
			isa = PBXTargetDependency;
			target = 0D782302227EC29200EAE20F /* studio */;
			targetProxy = 0D78235A227EC52B00EAE20F /* PBXContainerItemProxy */;
		};
		0D782362227EC52B00EAE20F /* PBXTargetDependency */ = {
			isa = PBXTargetDependency;
			target = 0D78234D227EC52B00EAE20F /* Model */;
			targetProxy = 0D782361227EC52B00EAE20F /* PBXContainerItemProxy */;
		};
		0D78237D227EC54300EAE20F /* PBXTargetDependency */ = {
			isa = PBXTargetDependency;
			target = 0D782371227EC54300EAE20F /* Shared */;
			targetProxy = 0D78237C227EC54300EAE20F /* PBXContainerItemProxy */;
		};
		0D78237F227EC54300EAE20F /* PBXTargetDependency */ = {
			isa = PBXTargetDependency;
			target = 0D782302227EC29200EAE20F /* studio */;
			targetProxy = 0D78237E227EC54300EAE20F /* PBXContainerItemProxy */;
		};
		0D782386227EC54300EAE20F /* PBXTargetDependency */ = {
			isa = PBXTargetDependency;
			target = 0D782371227EC54300EAE20F /* Shared */;
			targetProxy = 0D782385227EC54300EAE20F /* PBXContainerItemProxy */;
		};
		0D8DAC892286D26C0032BD17 /* PBXTargetDependency */ = {
			isa = PBXTargetDependency;
			target = 0D8DAC7D2286D26B0032BD17 /* ViewComponent */;
			targetProxy = 0D8DAC882286D26C0032BD17 /* PBXContainerItemProxy */;
		};
		0D8DAC8B2286D26C0032BD17 /* PBXTargetDependency */ = {
			isa = PBXTargetDependency;
			target = 0D782302227EC29200EAE20F /* studio */;
			targetProxy = 0D8DAC8A2286D26C0032BD17 /* PBXContainerItemProxy */;
		};
		0D8DAC922286D26C0032BD17 /* PBXTargetDependency */ = {
			isa = PBXTargetDependency;
			target = 0D8DAC7D2286D26B0032BD17 /* ViewComponent */;
			targetProxy = 0D8DAC912286D26C0032BD17 /* PBXContainerItemProxy */;
		};
		0D8DACAB2286D2AC0032BD17 /* PBXTargetDependency */ = {
			isa = PBXTargetDependency;
			target = 0D8DAC9F2286D2AC0032BD17 /* Extension */;
			targetProxy = 0D8DACAA2286D2AC0032BD17 /* PBXContainerItemProxy */;
		};
		0D8DACAD2286D2AC0032BD17 /* PBXTargetDependency */ = {
			isa = PBXTargetDependency;
			target = 0D782302227EC29200EAE20F /* studio */;
			targetProxy = 0D8DACAC2286D2AC0032BD17 /* PBXContainerItemProxy */;
		};
		0D8DACB42286D2AC0032BD17 /* PBXTargetDependency */ = {
			isa = PBXTargetDependency;
			target = 0D8DAC9F2286D2AC0032BD17 /* Extension */;
			targetProxy = 0D8DACB32286D2AC0032BD17 /* PBXContainerItemProxy */;
		};
/* End PBXTargetDependency section */

/* Begin PBXVariantGroup section */
		0D78230A227EC29200EAE20F /* Main.storyboard */ = {
			isa = PBXVariantGroup;
			children = (
				0D78230B227EC29200EAE20F /* Base */,
			);
			name = Main.storyboard;
			sourceTree = "<group>";
		};
		0D78230F227EC29400EAE20F /* LaunchScreen.storyboard */ = {
			isa = PBXVariantGroup;
			children = (
				0D782310227EC29400EAE20F /* Base */,
			);
			name = LaunchScreen.storyboard;
			sourceTree = "<group>";
		};
/* End PBXVariantGroup section */

/* Begin XCBuildConfiguration section */
		0D78231E227EC29500EAE20F /* Debug */ = {
			isa = XCBuildConfiguration;
			buildSettings = {
				ALWAYS_SEARCH_USER_PATHS = NO;
				CLANG_ANALYZER_NONNULL = YES;
				CLANG_ANALYZER_NUMBER_OBJECT_CONVERSION = YES_AGGRESSIVE;
				CLANG_CXX_LANGUAGE_STANDARD = "gnu++14";
				CLANG_CXX_LIBRARY = "libc++";
				CLANG_ENABLE_MODULES = YES;
				CLANG_ENABLE_OBJC_ARC = YES;
				CLANG_ENABLE_OBJC_WEAK = YES;
				CLANG_WARN_BLOCK_CAPTURE_AUTORELEASING = YES;
				CLANG_WARN_BOOL_CONVERSION = YES;
				CLANG_WARN_COMMA = YES;
				CLANG_WARN_CONSTANT_CONVERSION = YES;
				CLANG_WARN_DEPRECATED_OBJC_IMPLEMENTATIONS = YES;
				CLANG_WARN_DIRECT_OBJC_ISA_USAGE = YES_ERROR;
				CLANG_WARN_DOCUMENTATION_COMMENTS = YES;
				CLANG_WARN_EMPTY_BODY = YES;
				CLANG_WARN_ENUM_CONVERSION = YES;
				CLANG_WARN_INFINITE_RECURSION = YES;
				CLANG_WARN_INT_CONVERSION = YES;
				CLANG_WARN_NON_LITERAL_NULL_CONVERSION = YES;
				CLANG_WARN_OBJC_IMPLICIT_RETAIN_SELF = YES;
				CLANG_WARN_OBJC_LITERAL_CONVERSION = YES;
				CLANG_WARN_OBJC_ROOT_CLASS = YES_ERROR;
				CLANG_WARN_RANGE_LOOP_ANALYSIS = YES;
				CLANG_WARN_STRICT_PROTOTYPES = YES;
				CLANG_WARN_SUSPICIOUS_MOVE = YES;
				CLANG_WARN_UNGUARDED_AVAILABILITY = YES_AGGRESSIVE;
				CLANG_WARN_UNREACHABLE_CODE = YES;
				CLANG_WARN__DUPLICATE_METHOD_MATCH = YES;
				CODE_SIGN_IDENTITY = "iPhone Developer";
				COPY_PHASE_STRIP = NO;
				DEBUG_INFORMATION_FORMAT = dwarf;
				ENABLE_STRICT_OBJC_MSGSEND = YES;
				ENABLE_TESTABILITY = YES;
				GCC_C_LANGUAGE_STANDARD = gnu11;
				GCC_DYNAMIC_NO_PIC = NO;
				GCC_NO_COMMON_BLOCKS = YES;
				GCC_OPTIMIZATION_LEVEL = 0;
				GCC_PREPROCESSOR_DEFINITIONS = (
					"DEBUG=1",
					"$(inherited)",
				);
				GCC_WARN_64_TO_32_BIT_CONVERSION = YES;
				GCC_WARN_ABOUT_RETURN_TYPE = YES_ERROR;
				GCC_WARN_UNDECLARED_SELECTOR = YES;
				GCC_WARN_UNINITIALIZED_AUTOS = YES_AGGRESSIVE;
				GCC_WARN_UNUSED_FUNCTION = YES;
				GCC_WARN_UNUSED_VARIABLE = YES;
				IPHONEOS_DEPLOYMENT_TARGET = 12.2;
				MTL_ENABLE_DEBUG_INFO = INCLUDE_SOURCE;
				MTL_FAST_MATH = YES;
				ONLY_ACTIVE_ARCH = YES;
				SDKROOT = iphoneos;
				SWIFT_ACTIVE_COMPILATION_CONDITIONS = DEBUG;
				SWIFT_OPTIMIZATION_LEVEL = "-Onone";
			};
			name = Debug;
		};
		0D78231F227EC29500EAE20F /* Release */ = {
			isa = XCBuildConfiguration;
			buildSettings = {
				ALWAYS_SEARCH_USER_PATHS = NO;
				CLANG_ANALYZER_NONNULL = YES;
				CLANG_ANALYZER_NUMBER_OBJECT_CONVERSION = YES_AGGRESSIVE;
				CLANG_CXX_LANGUAGE_STANDARD = "gnu++14";
				CLANG_CXX_LIBRARY = "libc++";
				CLANG_ENABLE_MODULES = YES;
				CLANG_ENABLE_OBJC_ARC = YES;
				CLANG_ENABLE_OBJC_WEAK = YES;
				CLANG_WARN_BLOCK_CAPTURE_AUTORELEASING = YES;
				CLANG_WARN_BOOL_CONVERSION = YES;
				CLANG_WARN_COMMA = YES;
				CLANG_WARN_CONSTANT_CONVERSION = YES;
				CLANG_WARN_DEPRECATED_OBJC_IMPLEMENTATIONS = YES;
				CLANG_WARN_DIRECT_OBJC_ISA_USAGE = YES_ERROR;
				CLANG_WARN_DOCUMENTATION_COMMENTS = YES;
				CLANG_WARN_EMPTY_BODY = YES;
				CLANG_WARN_ENUM_CONVERSION = YES;
				CLANG_WARN_INFINITE_RECURSION = YES;
				CLANG_WARN_INT_CONVERSION = YES;
				CLANG_WARN_NON_LITERAL_NULL_CONVERSION = YES;
				CLANG_WARN_OBJC_IMPLICIT_RETAIN_SELF = YES;
				CLANG_WARN_OBJC_LITERAL_CONVERSION = YES;
				CLANG_WARN_OBJC_ROOT_CLASS = YES_ERROR;
				CLANG_WARN_RANGE_LOOP_ANALYSIS = YES;
				CLANG_WARN_STRICT_PROTOTYPES = YES;
				CLANG_WARN_SUSPICIOUS_MOVE = YES;
				CLANG_WARN_UNGUARDED_AVAILABILITY = YES_AGGRESSIVE;
				CLANG_WARN_UNREACHABLE_CODE = YES;
				CLANG_WARN__DUPLICATE_METHOD_MATCH = YES;
				CODE_SIGN_IDENTITY = "iPhone Developer";
				COPY_PHASE_STRIP = NO;
				DEBUG_INFORMATION_FORMAT = "dwarf-with-dsym";
				ENABLE_NS_ASSERTIONS = NO;
				ENABLE_STRICT_OBJC_MSGSEND = YES;
				GCC_C_LANGUAGE_STANDARD = gnu11;
				GCC_NO_COMMON_BLOCKS = YES;
				GCC_WARN_64_TO_32_BIT_CONVERSION = YES;
				GCC_WARN_ABOUT_RETURN_TYPE = YES_ERROR;
				GCC_WARN_UNDECLARED_SELECTOR = YES;
				GCC_WARN_UNINITIALIZED_AUTOS = YES_AGGRESSIVE;
				GCC_WARN_UNUSED_FUNCTION = YES;
				GCC_WARN_UNUSED_VARIABLE = YES;
				IPHONEOS_DEPLOYMENT_TARGET = 12.2;
				MTL_ENABLE_DEBUG_INFO = NO;
				MTL_FAST_MATH = YES;
				SDKROOT = iphoneos;
				SWIFT_COMPILATION_MODE = wholemodule;
				SWIFT_OPTIMIZATION_LEVEL = "-O";
				VALIDATE_PRODUCT = YES;
			};
			name = Release;
		};
		0D782321227EC29500EAE20F /* Debug */ = {
			isa = XCBuildConfiguration;
			buildSettings = {
				ALWAYS_EMBED_SWIFT_STANDARD_LIBRARIES = YES;
				ASSETCATALOG_COMPILER_APPICON_NAME = AppIcon;
				CODE_SIGN_STYLE = Automatic;
				DEVELOPMENT_TEAM = USAG9JDZ6M;
				FRAMEWORK_SEARCH_PATHS = (
					"$(inherited)",
					"$(PROJECT_DIR)/Carthage/Build/iOS",
				);
				INFOPLIST_FILE = studio/Info.plist;
				IPHONEOS_DEPLOYMENT_TARGET = 12;
				LD_RUNPATH_SEARCH_PATHS = (
					"$(inherited)",
					"@executable_path/Frameworks",
				);
				PRODUCT_BUNDLE_IDENTIFIER = com.github.atsushi130.studio;
				PRODUCT_NAME = "$(TARGET_NAME)";
				SWIFT_VERSION = 5.0;
				TARGETED_DEVICE_FAMILY = "1,2";
			};
			name = Debug;
		};
		0D782322227EC29500EAE20F /* Release */ = {
			isa = XCBuildConfiguration;
			buildSettings = {
				ALWAYS_EMBED_SWIFT_STANDARD_LIBRARIES = YES;
				ASSETCATALOG_COMPILER_APPICON_NAME = AppIcon;
				CODE_SIGN_STYLE = Automatic;
				DEVELOPMENT_TEAM = USAG9JDZ6M;
				FRAMEWORK_SEARCH_PATHS = (
					"$(inherited)",
					"$(PROJECT_DIR)/Carthage/Build/iOS",
				);
				INFOPLIST_FILE = studio/Info.plist;
				IPHONEOS_DEPLOYMENT_TARGET = 12;
				LD_RUNPATH_SEARCH_PATHS = (
					"$(inherited)",
					"@executable_path/Frameworks",
				);
				PRODUCT_BUNDLE_IDENTIFIER = com.github.atsushi130.studio;
				PRODUCT_NAME = "$(TARGET_NAME)";
				SWIFT_VERSION = 5.0;
				TARGETED_DEVICE_FAMILY = "1,2";
			};
			name = Release;
		};
		0D782324227EC29500EAE20F /* Debug */ = {
			isa = XCBuildConfiguration;
			buildSettings = {
				ALWAYS_EMBED_SWIFT_STANDARD_LIBRARIES = YES;
				BUNDLE_LOADER = "$(TEST_HOST)";
				CODE_SIGN_STYLE = Automatic;
				INFOPLIST_FILE = studioTests/Info.plist;
				LD_RUNPATH_SEARCH_PATHS = (
					"$(inherited)",
					"@executable_path/Frameworks",
					"@loader_path/Frameworks",
				);
				PRODUCT_BUNDLE_IDENTIFIER = com.github.atsushi130.studioTests;
				PRODUCT_NAME = "$(TARGET_NAME)";
				SWIFT_VERSION = 5.0;
				TARGETED_DEVICE_FAMILY = "1,2";
				TEST_HOST = "$(BUILT_PRODUCTS_DIR)/studio.app/studio";
			};
			name = Debug;
		};
		0D782325227EC29500EAE20F /* Release */ = {
			isa = XCBuildConfiguration;
			buildSettings = {
				ALWAYS_EMBED_SWIFT_STANDARD_LIBRARIES = YES;
				BUNDLE_LOADER = "$(TEST_HOST)";
				CODE_SIGN_STYLE = Automatic;
				INFOPLIST_FILE = studioTests/Info.plist;
				LD_RUNPATH_SEARCH_PATHS = (
					"$(inherited)",
					"@executable_path/Frameworks",
					"@loader_path/Frameworks",
				);
				PRODUCT_BUNDLE_IDENTIFIER = com.github.atsushi130.studioTests;
				PRODUCT_NAME = "$(TARGET_NAME)";
				SWIFT_VERSION = 5.0;
				TARGETED_DEVICE_FAMILY = "1,2";
				TEST_HOST = "$(BUILT_PRODUCTS_DIR)/studio.app/studio";
			};
			name = Release;
		};
		0D782343227EC4F300EAE20F /* Debug */ = {
			isa = XCBuildConfiguration;
			buildSettings = {
				CLANG_ENABLE_MODULES = YES;
				CODE_SIGN_IDENTITY = "";
				CODE_SIGN_STYLE = Automatic;
				CURRENT_PROJECT_VERSION = 1;
				DEFINES_MODULE = YES;
				DYLIB_COMPATIBILITY_VERSION = 1;
				DYLIB_CURRENT_VERSION = 1;
				DYLIB_INSTALL_NAME_BASE = "@rpath";
				FRAMEWORK_SEARCH_PATHS = (
					"$(inherited)",
					"$(PROJECT_DIR)/Carthage/Build/iOS",
				);
				INFOPLIST_FILE = Data/Info.plist;
				INSTALL_PATH = "$(LOCAL_LIBRARY_DIR)/Frameworks";
				IPHONEOS_DEPLOYMENT_TARGET = 12;
				LD_RUNPATH_SEARCH_PATHS = (
					"$(inherited)",
					"@executable_path/Frameworks",
					"@loader_path/Frameworks",
				);
				PRODUCT_BUNDLE_IDENTIFIER = com.github.atsushi130.Data;
				PRODUCT_NAME = "$(TARGET_NAME:c99extidentifier)";
				SKIP_INSTALL = YES;
				SWIFT_OPTIMIZATION_LEVEL = "-Onone";
				SWIFT_VERSION = 5.0;
				TARGETED_DEVICE_FAMILY = "1,2";
				VERSIONING_SYSTEM = "apple-generic";
				VERSION_INFO_PREFIX = "";
			};
			name = Debug;
		};
		0D782344227EC4F300EAE20F /* Release */ = {
			isa = XCBuildConfiguration;
			buildSettings = {
				CLANG_ENABLE_MODULES = YES;
				CODE_SIGN_IDENTITY = "";
				CODE_SIGN_STYLE = Automatic;
				CURRENT_PROJECT_VERSION = 1;
				DEFINES_MODULE = YES;
				DYLIB_COMPATIBILITY_VERSION = 1;
				DYLIB_CURRENT_VERSION = 1;
				DYLIB_INSTALL_NAME_BASE = "@rpath";
				FRAMEWORK_SEARCH_PATHS = (
					"$(inherited)",
					"$(PROJECT_DIR)/Carthage/Build/iOS",
				);
				INFOPLIST_FILE = Data/Info.plist;
				INSTALL_PATH = "$(LOCAL_LIBRARY_DIR)/Frameworks";
				IPHONEOS_DEPLOYMENT_TARGET = 12;
				LD_RUNPATH_SEARCH_PATHS = (
					"$(inherited)",
					"@executable_path/Frameworks",
					"@loader_path/Frameworks",
				);
				PRODUCT_BUNDLE_IDENTIFIER = com.github.atsushi130.Data;
				PRODUCT_NAME = "$(TARGET_NAME:c99extidentifier)";
				SKIP_INSTALL = YES;
				SWIFT_VERSION = 5.0;
				TARGETED_DEVICE_FAMILY = "1,2";
				VERSIONING_SYSTEM = "apple-generic";
				VERSION_INFO_PREFIX = "";
			};
			name = Release;
		};
		0D782347227EC4F300EAE20F /* Debug */ = {
			isa = XCBuildConfiguration;
			buildSettings = {
				ALWAYS_EMBED_SWIFT_STANDARD_LIBRARIES = YES;
				CODE_SIGN_STYLE = Automatic;
				INFOPLIST_FILE = DataTests/Info.plist;
				LD_RUNPATH_SEARCH_PATHS = (
					"$(inherited)",
					"@executable_path/Frameworks",
					"@loader_path/Frameworks",
				);
				PRODUCT_BUNDLE_IDENTIFIER = com.github.atsushi130.DataTests;
				PRODUCT_NAME = "$(TARGET_NAME)";
				SWIFT_VERSION = 5.0;
				TARGETED_DEVICE_FAMILY = "1,2";
				TEST_HOST = "$(BUILT_PRODUCTS_DIR)/studio.app/studio";
			};
			name = Debug;
		};
		0D782348227EC4F300EAE20F /* Release */ = {
			isa = XCBuildConfiguration;
			buildSettings = {
				ALWAYS_EMBED_SWIFT_STANDARD_LIBRARIES = YES;
				CODE_SIGN_STYLE = Automatic;
				INFOPLIST_FILE = DataTests/Info.plist;
				LD_RUNPATH_SEARCH_PATHS = (
					"$(inherited)",
					"@executable_path/Frameworks",
					"@loader_path/Frameworks",
				);
				PRODUCT_BUNDLE_IDENTIFIER = com.github.atsushi130.DataTests;
				PRODUCT_NAME = "$(TARGET_NAME)";
				SWIFT_VERSION = 5.0;
				TARGETED_DEVICE_FAMILY = "1,2";
				TEST_HOST = "$(BUILT_PRODUCTS_DIR)/studio.app/studio";
			};
			name = Release;
		};
		0D782366227EC52B00EAE20F /* Debug */ = {
			isa = XCBuildConfiguration;
			buildSettings = {
				CLANG_ENABLE_MODULES = YES;
				CODE_SIGN_IDENTITY = "";
				CODE_SIGN_STYLE = Automatic;
				CURRENT_PROJECT_VERSION = 1;
				DEFINES_MODULE = YES;
				DYLIB_COMPATIBILITY_VERSION = 1;
				DYLIB_CURRENT_VERSION = 1;
				DYLIB_INSTALL_NAME_BASE = "@rpath";
				FRAMEWORK_SEARCH_PATHS = (
					"$(inherited)",
					"$(PROJECT_DIR)/Carthage/Build/iOS",
				);
				INFOPLIST_FILE = Model/Info.plist;
				INSTALL_PATH = "$(LOCAL_LIBRARY_DIR)/Frameworks";
				IPHONEOS_DEPLOYMENT_TARGET = 12;
				LD_RUNPATH_SEARCH_PATHS = (
					"$(inherited)",
					"@executable_path/Frameworks",
					"@loader_path/Frameworks",
				);
				PRODUCT_BUNDLE_IDENTIFIER = com.github.atsushi130.Model;
				PRODUCT_NAME = "$(TARGET_NAME:c99extidentifier)";
				SKIP_INSTALL = YES;
				SWIFT_OPTIMIZATION_LEVEL = "-Onone";
				SWIFT_VERSION = 5.0;
				TARGETED_DEVICE_FAMILY = "1,2";
				VERSIONING_SYSTEM = "apple-generic";
				VERSION_INFO_PREFIX = "";
			};
			name = Debug;
		};
		0D782367227EC52B00EAE20F /* Release */ = {
			isa = XCBuildConfiguration;
			buildSettings = {
				CLANG_ENABLE_MODULES = YES;
				CODE_SIGN_IDENTITY = "";
				CODE_SIGN_STYLE = Automatic;
				CURRENT_PROJECT_VERSION = 1;
				DEFINES_MODULE = YES;
				DYLIB_COMPATIBILITY_VERSION = 1;
				DYLIB_CURRENT_VERSION = 1;
				DYLIB_INSTALL_NAME_BASE = "@rpath";
				FRAMEWORK_SEARCH_PATHS = (
					"$(inherited)",
					"$(PROJECT_DIR)/Carthage/Build/iOS",
				);
				INFOPLIST_FILE = Model/Info.plist;
				INSTALL_PATH = "$(LOCAL_LIBRARY_DIR)/Frameworks";
				IPHONEOS_DEPLOYMENT_TARGET = 12;
				LD_RUNPATH_SEARCH_PATHS = (
					"$(inherited)",
					"@executable_path/Frameworks",
					"@loader_path/Frameworks",
				);
				PRODUCT_BUNDLE_IDENTIFIER = com.github.atsushi130.Model;
				PRODUCT_NAME = "$(TARGET_NAME:c99extidentifier)";
				SKIP_INSTALL = YES;
				SWIFT_VERSION = 5.0;
				TARGETED_DEVICE_FAMILY = "1,2";
				VERSIONING_SYSTEM = "apple-generic";
				VERSION_INFO_PREFIX = "";
			};
			name = Release;
		};
		0D782369227EC52B00EAE20F /* Debug */ = {
			isa = XCBuildConfiguration;
			buildSettings = {
				ALWAYS_EMBED_SWIFT_STANDARD_LIBRARIES = YES;
				CODE_SIGN_STYLE = Automatic;
				INFOPLIST_FILE = ModelTests/Info.plist;
				LD_RUNPATH_SEARCH_PATHS = (
					"$(inherited)",
					"@executable_path/Frameworks",
					"@loader_path/Frameworks",
				);
				PRODUCT_BUNDLE_IDENTIFIER = com.github.atsushi130.ModelTests;
				PRODUCT_NAME = "$(TARGET_NAME)";
				SWIFT_VERSION = 5.0;
				TARGETED_DEVICE_FAMILY = "1,2";
				TEST_HOST = "$(BUILT_PRODUCTS_DIR)/studio.app/studio";
			};
			name = Debug;
		};
		0D78236A227EC52B00EAE20F /* Release */ = {
			isa = XCBuildConfiguration;
			buildSettings = {
				ALWAYS_EMBED_SWIFT_STANDARD_LIBRARIES = YES;
				CODE_SIGN_STYLE = Automatic;
				INFOPLIST_FILE = ModelTests/Info.plist;
				LD_RUNPATH_SEARCH_PATHS = (
					"$(inherited)",
					"@executable_path/Frameworks",
					"@loader_path/Frameworks",
				);
				PRODUCT_BUNDLE_IDENTIFIER = com.github.atsushi130.ModelTests;
				PRODUCT_NAME = "$(TARGET_NAME)";
				SWIFT_VERSION = 5.0;
				TARGETED_DEVICE_FAMILY = "1,2";
				TEST_HOST = "$(BUILT_PRODUCTS_DIR)/studio.app/studio";
			};
			name = Release;
		};
		0D78238A227EC54300EAE20F /* Debug */ = {
			isa = XCBuildConfiguration;
			buildSettings = {
				CLANG_ENABLE_MODULES = YES;
				CODE_SIGN_IDENTITY = "";
				CODE_SIGN_STYLE = Automatic;
				CURRENT_PROJECT_VERSION = 1;
				DEFINES_MODULE = YES;
				DYLIB_COMPATIBILITY_VERSION = 1;
				DYLIB_CURRENT_VERSION = 1;
				DYLIB_INSTALL_NAME_BASE = "@rpath";
				FRAMEWORK_SEARCH_PATHS = (
					"$(inherited)",
					"$(PROJECT_DIR)/Carthage/Build/iOS",
				);
				INFOPLIST_FILE = Shared/Info.plist;
				INSTALL_PATH = "$(LOCAL_LIBRARY_DIR)/Frameworks";
				IPHONEOS_DEPLOYMENT_TARGET = 12;
				LD_RUNPATH_SEARCH_PATHS = (
					"$(inherited)",
					"@executable_path/Frameworks",
					"@loader_path/Frameworks",
				);
				PRODUCT_BUNDLE_IDENTIFIER = com.github.atsushi130.Shared;
				PRODUCT_NAME = "$(TARGET_NAME:c99extidentifier)";
				SKIP_INSTALL = YES;
				SWIFT_OPTIMIZATION_LEVEL = "-Onone";
				SWIFT_VERSION = 5.0;
				TARGETED_DEVICE_FAMILY = "1,2";
				VERSIONING_SYSTEM = "apple-generic";
				VERSION_INFO_PREFIX = "";
			};
			name = Debug;
		};
		0D78238B227EC54300EAE20F /* Release */ = {
			isa = XCBuildConfiguration;
			buildSettings = {
				CLANG_ENABLE_MODULES = YES;
				CODE_SIGN_IDENTITY = "";
				CODE_SIGN_STYLE = Automatic;
				CURRENT_PROJECT_VERSION = 1;
				DEFINES_MODULE = YES;
				DYLIB_COMPATIBILITY_VERSION = 1;
				DYLIB_CURRENT_VERSION = 1;
				DYLIB_INSTALL_NAME_BASE = "@rpath";
				FRAMEWORK_SEARCH_PATHS = (
					"$(inherited)",
					"$(PROJECT_DIR)/Carthage/Build/iOS",
				);
				INFOPLIST_FILE = Shared/Info.plist;
				INSTALL_PATH = "$(LOCAL_LIBRARY_DIR)/Frameworks";
				IPHONEOS_DEPLOYMENT_TARGET = 12;
				LD_RUNPATH_SEARCH_PATHS = (
					"$(inherited)",
					"@executable_path/Frameworks",
					"@loader_path/Frameworks",
				);
				PRODUCT_BUNDLE_IDENTIFIER = com.github.atsushi130.Shared;
				PRODUCT_NAME = "$(TARGET_NAME:c99extidentifier)";
				SKIP_INSTALL = YES;
				SWIFT_VERSION = 5.0;
				TARGETED_DEVICE_FAMILY = "1,2";
				VERSIONING_SYSTEM = "apple-generic";
				VERSION_INFO_PREFIX = "";
			};
			name = Release;
		};
		0D78238D227EC54300EAE20F /* Debug */ = {
			isa = XCBuildConfiguration;
			buildSettings = {
				ALWAYS_EMBED_SWIFT_STANDARD_LIBRARIES = YES;
				CODE_SIGN_STYLE = Automatic;
				INFOPLIST_FILE = SharedTests/Info.plist;
				LD_RUNPATH_SEARCH_PATHS = (
					"$(inherited)",
					"@executable_path/Frameworks",
					"@loader_path/Frameworks",
				);
				PRODUCT_BUNDLE_IDENTIFIER = com.github.atsushi130.SharedTests;
				PRODUCT_NAME = "$(TARGET_NAME)";
				SWIFT_VERSION = 5.0;
				TARGETED_DEVICE_FAMILY = "1,2";
				TEST_HOST = "$(BUILT_PRODUCTS_DIR)/studio.app/studio";
			};
			name = Debug;
		};
		0D78238E227EC54300EAE20F /* Release */ = {
			isa = XCBuildConfiguration;
			buildSettings = {
				ALWAYS_EMBED_SWIFT_STANDARD_LIBRARIES = YES;
				CODE_SIGN_STYLE = Automatic;
				INFOPLIST_FILE = SharedTests/Info.plist;
				LD_RUNPATH_SEARCH_PATHS = (
					"$(inherited)",
					"@executable_path/Frameworks",
					"@loader_path/Frameworks",
				);
				PRODUCT_BUNDLE_IDENTIFIER = com.github.atsushi130.SharedTests;
				PRODUCT_NAME = "$(TARGET_NAME)";
				SWIFT_VERSION = 5.0;
				TARGETED_DEVICE_FAMILY = "1,2";
				TEST_HOST = "$(BUILT_PRODUCTS_DIR)/studio.app/studio";
			};
			name = Release;
		};
		0D8DAC962286D26C0032BD17 /* Debug */ = {
			isa = XCBuildConfiguration;
			buildSettings = {
				CODE_SIGN_IDENTITY = "";
				CODE_SIGN_STYLE = Automatic;
				CURRENT_PROJECT_VERSION = 1;
				DEFINES_MODULE = YES;
				DEVELOPMENT_TEAM = USAG9JDZ6M;
				DYLIB_COMPATIBILITY_VERSION = 1;
				DYLIB_CURRENT_VERSION = 1;
				DYLIB_INSTALL_NAME_BASE = "@rpath";
				FRAMEWORK_SEARCH_PATHS = (
					"$(inherited)",
					"$(PROJECT_DIR)/Carthage/Build/iOS",
				);
				INFOPLIST_FILE = ViewComponent/Info.plist;
				INSTALL_PATH = "$(LOCAL_LIBRARY_DIR)/Frameworks";
				IPHONEOS_DEPLOYMENT_TARGET = 12;
				LD_RUNPATH_SEARCH_PATHS = (
					"$(inherited)",
					"@executable_path/Frameworks",
					"@loader_path/Frameworks",
				);
				PRODUCT_BUNDLE_IDENTIFIER = com.github.atsushi130.ViewComponent;
				PRODUCT_NAME = "$(TARGET_NAME:c99extidentifier)";
				SKIP_INSTALL = YES;
				SWIFT_VERSION = 5.0;
				TARGETED_DEVICE_FAMILY = "1,2";
				VERSIONING_SYSTEM = "apple-generic";
				VERSION_INFO_PREFIX = "";
			};
			name = Debug;
		};
		0D8DAC972286D26C0032BD17 /* Release */ = {
			isa = XCBuildConfiguration;
			buildSettings = {
				CODE_SIGN_IDENTITY = "";
				CODE_SIGN_STYLE = Automatic;
				CURRENT_PROJECT_VERSION = 1;
				DEFINES_MODULE = YES;
				DEVELOPMENT_TEAM = USAG9JDZ6M;
				DYLIB_COMPATIBILITY_VERSION = 1;
				DYLIB_CURRENT_VERSION = 1;
				DYLIB_INSTALL_NAME_BASE = "@rpath";
				FRAMEWORK_SEARCH_PATHS = (
					"$(inherited)",
					"$(PROJECT_DIR)/Carthage/Build/iOS",
				);
				INFOPLIST_FILE = ViewComponent/Info.plist;
				INSTALL_PATH = "$(LOCAL_LIBRARY_DIR)/Frameworks";
				IPHONEOS_DEPLOYMENT_TARGET = 12;
				LD_RUNPATH_SEARCH_PATHS = (
					"$(inherited)",
					"@executable_path/Frameworks",
					"@loader_path/Frameworks",
				);
				PRODUCT_BUNDLE_IDENTIFIER = com.github.atsushi130.ViewComponent;
				PRODUCT_NAME = "$(TARGET_NAME:c99extidentifier)";
				SKIP_INSTALL = YES;
				SWIFT_VERSION = 5.0;
				TARGETED_DEVICE_FAMILY = "1,2";
				VERSIONING_SYSTEM = "apple-generic";
				VERSION_INFO_PREFIX = "";
			};
			name = Release;
		};
		0D8DAC992286D26C0032BD17 /* Debug */ = {
			isa = XCBuildConfiguration;
			buildSettings = {
				ALWAYS_EMBED_SWIFT_STANDARD_LIBRARIES = YES;
				CODE_SIGN_STYLE = Automatic;
				INFOPLIST_FILE = ViewComponentTests/Info.plist;
				LD_RUNPATH_SEARCH_PATHS = (
					"$(inherited)",
					"@executable_path/Frameworks",
					"@loader_path/Frameworks",
				);
				PRODUCT_BUNDLE_IDENTIFIER = com.github.atsushi130.ViewComponentTests;
				PRODUCT_NAME = "$(TARGET_NAME)";
				SWIFT_VERSION = 5.0;
				TARGETED_DEVICE_FAMILY = "1,2";
				TEST_HOST = "$(BUILT_PRODUCTS_DIR)/studio.app/studio";
			};
			name = Debug;
		};
		0D8DAC9A2286D26C0032BD17 /* Release */ = {
			isa = XCBuildConfiguration;
			buildSettings = {
				ALWAYS_EMBED_SWIFT_STANDARD_LIBRARIES = YES;
				CODE_SIGN_STYLE = Automatic;
				INFOPLIST_FILE = ViewComponentTests/Info.plist;
				LD_RUNPATH_SEARCH_PATHS = (
					"$(inherited)",
					"@executable_path/Frameworks",
					"@loader_path/Frameworks",
				);
				PRODUCT_BUNDLE_IDENTIFIER = com.github.atsushi130.ViewComponentTests;
				PRODUCT_NAME = "$(TARGET_NAME)";
				SWIFT_VERSION = 5.0;
				TARGETED_DEVICE_FAMILY = "1,2";
				TEST_HOST = "$(BUILT_PRODUCTS_DIR)/studio.app/studio";
			};
			name = Release;
		};
		0D8DACB82286D2AC0032BD17 /* Debug */ = {
			isa = XCBuildConfiguration;
			buildSettings = {
				CLANG_ENABLE_MODULES = YES;
				CODE_SIGN_IDENTITY = "";
				CODE_SIGN_STYLE = Automatic;
				CURRENT_PROJECT_VERSION = 1;
				DEFINES_MODULE = YES;
				DEVELOPMENT_TEAM = USAG9JDZ6M;
				DYLIB_COMPATIBILITY_VERSION = 1;
				DYLIB_CURRENT_VERSION = 1;
				DYLIB_INSTALL_NAME_BASE = "@rpath";
				INFOPLIST_FILE = Extension/Info.plist;
				INSTALL_PATH = "$(LOCAL_LIBRARY_DIR)/Frameworks";
				IPHONEOS_DEPLOYMENT_TARGET = 12;
				LD_RUNPATH_SEARCH_PATHS = (
					"$(inherited)",
					"@executable_path/Frameworks",
					"@loader_path/Frameworks",
				);
				PRODUCT_BUNDLE_IDENTIFIER = com.github.atsushi130.Extension;
				PRODUCT_NAME = "$(TARGET_NAME:c99extidentifier)";
				SKIP_INSTALL = YES;
				SWIFT_OPTIMIZATION_LEVEL = "-Onone";
				SWIFT_VERSION = 5.0;
				TARGETED_DEVICE_FAMILY = "1,2";
				VERSIONING_SYSTEM = "apple-generic";
				VERSION_INFO_PREFIX = "";
			};
			name = Debug;
		};
		0D8DACB92286D2AC0032BD17 /* Release */ = {
			isa = XCBuildConfiguration;
			buildSettings = {
				CLANG_ENABLE_MODULES = YES;
				CODE_SIGN_IDENTITY = "";
				CODE_SIGN_STYLE = Automatic;
				CURRENT_PROJECT_VERSION = 1;
				DEFINES_MODULE = YES;
				DEVELOPMENT_TEAM = USAG9JDZ6M;
				DYLIB_COMPATIBILITY_VERSION = 1;
				DYLIB_CURRENT_VERSION = 1;
				DYLIB_INSTALL_NAME_BASE = "@rpath";
				INFOPLIST_FILE = Extension/Info.plist;
				INSTALL_PATH = "$(LOCAL_LIBRARY_DIR)/Frameworks";
				IPHONEOS_DEPLOYMENT_TARGET = 12;
				LD_RUNPATH_SEARCH_PATHS = (
					"$(inherited)",
					"@executable_path/Frameworks",
					"@loader_path/Frameworks",
				);
				PRODUCT_BUNDLE_IDENTIFIER = com.github.atsushi130.Extension;
				PRODUCT_NAME = "$(TARGET_NAME:c99extidentifier)";
				SKIP_INSTALL = YES;
				SWIFT_VERSION = 5.0;
				TARGETED_DEVICE_FAMILY = "1,2";
				VERSIONING_SYSTEM = "apple-generic";
				VERSION_INFO_PREFIX = "";
			};
			name = Release;
		};
		0D8DACBB2286D2AC0032BD17 /* Debug */ = {
			isa = XCBuildConfiguration;
			buildSettings = {
				ALWAYS_EMBED_SWIFT_STANDARD_LIBRARIES = YES;
				CODE_SIGN_STYLE = Automatic;
				INFOPLIST_FILE = ExtensionTests/Info.plist;
				LD_RUNPATH_SEARCH_PATHS = (
					"$(inherited)",
					"@executable_path/Frameworks",
					"@loader_path/Frameworks",
				);
				PRODUCT_BUNDLE_IDENTIFIER = com.github.atsushi130.ExtensionTests;
				PRODUCT_NAME = "$(TARGET_NAME)";
				SWIFT_VERSION = 5.0;
				TARGETED_DEVICE_FAMILY = "1,2";
				TEST_HOST = "$(BUILT_PRODUCTS_DIR)/studio.app/studio";
			};
			name = Debug;
		};
		0D8DACBC2286D2AC0032BD17 /* Release */ = {
			isa = XCBuildConfiguration;
			buildSettings = {
				ALWAYS_EMBED_SWIFT_STANDARD_LIBRARIES = YES;
				CODE_SIGN_STYLE = Automatic;
				INFOPLIST_FILE = ExtensionTests/Info.plist;
				LD_RUNPATH_SEARCH_PATHS = (
					"$(inherited)",
					"@executable_path/Frameworks",
					"@loader_path/Frameworks",
				);
				PRODUCT_BUNDLE_IDENTIFIER = com.github.atsushi130.ExtensionTests;
				PRODUCT_NAME = "$(TARGET_NAME)";
				SWIFT_VERSION = 5.0;
				TARGETED_DEVICE_FAMILY = "1,2";
				TEST_HOST = "$(BUILT_PRODUCTS_DIR)/studio.app/studio";
			};
			name = Release;
		};
/* End XCBuildConfiguration section */

/* Begin XCConfigurationList section */
		0D7822FE227EC29200EAE20F /* Build configuration list for PBXProject "studio" */ = {
			isa = XCConfigurationList;
			buildConfigurations = (
				0D78231E227EC29500EAE20F /* Debug */,
				0D78231F227EC29500EAE20F /* Release */,
			);
			defaultConfigurationIsVisible = 0;
			defaultConfigurationName = Release;
		};
		0D782320227EC29500EAE20F /* Build configuration list for PBXNativeTarget "studio" */ = {
			isa = XCConfigurationList;
			buildConfigurations = (
				0D782321227EC29500EAE20F /* Debug */,
				0D782322227EC29500EAE20F /* Release */,
			);
			defaultConfigurationIsVisible = 0;
			defaultConfigurationName = Release;
		};
		0D782323227EC29500EAE20F /* Build configuration list for PBXNativeTarget "studioTests" */ = {
			isa = XCConfigurationList;
			buildConfigurations = (
				0D782324227EC29500EAE20F /* Debug */,
				0D782325227EC29500EAE20F /* Release */,
			);
			defaultConfigurationIsVisible = 0;
			defaultConfigurationName = Release;
		};
		0D782342227EC4F300EAE20F /* Build configuration list for PBXNativeTarget "Data" */ = {
			isa = XCConfigurationList;
			buildConfigurations = (
				0D782343227EC4F300EAE20F /* Debug */,
				0D782344227EC4F300EAE20F /* Release */,
			);
			defaultConfigurationIsVisible = 0;
			defaultConfigurationName = Release;
		};
		0D782346227EC4F300EAE20F /* Build configuration list for PBXNativeTarget "DataTests" */ = {
			isa = XCConfigurationList;
			buildConfigurations = (
				0D782347227EC4F300EAE20F /* Debug */,
				0D782348227EC4F300EAE20F /* Release */,
			);
			defaultConfigurationIsVisible = 0;
			defaultConfigurationName = Release;
		};
		0D782365227EC52B00EAE20F /* Build configuration list for PBXNativeTarget "Model" */ = {
			isa = XCConfigurationList;
			buildConfigurations = (
				0D782366227EC52B00EAE20F /* Debug */,
				0D782367227EC52B00EAE20F /* Release */,
			);
			defaultConfigurationIsVisible = 0;
			defaultConfigurationName = Release;
		};
		0D782368227EC52B00EAE20F /* Build configuration list for PBXNativeTarget "ModelTests" */ = {
			isa = XCConfigurationList;
			buildConfigurations = (
				0D782369227EC52B00EAE20F /* Debug */,
				0D78236A227EC52B00EAE20F /* Release */,
			);
			defaultConfigurationIsVisible = 0;
			defaultConfigurationName = Release;
		};
		0D782389227EC54300EAE20F /* Build configuration list for PBXNativeTarget "Shared" */ = {
			isa = XCConfigurationList;
			buildConfigurations = (
				0D78238A227EC54300EAE20F /* Debug */,
				0D78238B227EC54300EAE20F /* Release */,
			);
			defaultConfigurationIsVisible = 0;
			defaultConfigurationName = Release;
		};
		0D78238C227EC54300EAE20F /* Build configuration list for PBXNativeTarget "SharedTests" */ = {
			isa = XCConfigurationList;
			buildConfigurations = (
				0D78238D227EC54300EAE20F /* Debug */,
				0D78238E227EC54300EAE20F /* Release */,
			);
			defaultConfigurationIsVisible = 0;
			defaultConfigurationName = Release;
		};
		0D8DAC952286D26C0032BD17 /* Build configuration list for PBXNativeTarget "ViewComponent" */ = {
			isa = XCConfigurationList;
			buildConfigurations = (
				0D8DAC962286D26C0032BD17 /* Debug */,
				0D8DAC972286D26C0032BD17 /* Release */,
			);
			defaultConfigurationIsVisible = 0;
			defaultConfigurationName = Release;
		};
		0D8DAC982286D26C0032BD17 /* Build configuration list for PBXNativeTarget "ViewComponentTests" */ = {
			isa = XCConfigurationList;
			buildConfigurations = (
				0D8DAC992286D26C0032BD17 /* Debug */,
				0D8DAC9A2286D26C0032BD17 /* Release */,
			);
			defaultConfigurationIsVisible = 0;
			defaultConfigurationName = Release;
		};
		0D8DACB72286D2AC0032BD17 /* Build configuration list for PBXNativeTarget "Extension" */ = {
			isa = XCConfigurationList;
			buildConfigurations = (
				0D8DACB82286D2AC0032BD17 /* Debug */,
				0D8DACB92286D2AC0032BD17 /* Release */,
			);
			defaultConfigurationIsVisible = 0;
			defaultConfigurationName = Release;
		};
		0D8DACBA2286D2AC0032BD17 /* Build configuration list for PBXNativeTarget "ExtensionTests" */ = {
			isa = XCConfigurationList;
			buildConfigurations = (
				0D8DACBB2286D2AC0032BD17 /* Debug */,
				0D8DACBC2286D2AC0032BD17 /* Release */,
			);
			defaultConfigurationIsVisible = 0;
			defaultConfigurationName = Release;
		};
/* End XCConfigurationList section */
	};
	rootObject = 0D7822FB227EC29200EAE20F /* Project object */;
}
